
Microsoft Visual Studio Solution File, Format Version 12.00
# Visual Studio 15
VisualStudioVersion = 15.0.27130.2027
MinimumVisualStudioVersion = 10.0.40219.1
Project("{FAE04EC0-301F-11D3-BF4B-00C04F79EFBC}") = "01_CancellationSample_Before", "01_CancellationSample_Before\01_CancellationSample_Before.csproj", "{4FE36C80-6F69-4849-9E2F-95C9C4B14533}"
EndProject
Project("{FAE04EC0-301F-11D3-BF4B-00C04F79EFBC}") = "01_CancellationSample_After", "01_CancellationSample_After\01_CancellationSample_After.csproj", "{63316D65-6A85-4323-9FE3-1576305878A0}"
EndProject
Project("{2150E333-8FDC-42A3-9474-1A3956D46DE8}") = "01_CancellationSample", "01_CancellationSample", "{5C0448D4-A4C8-4A13-A39C-D78A3AB57E2F}"
EndProject
Project("{2150E333-8FDC-42A3-9474-1A3956D46DE8}") = "02_WebSocket_DotNetStandard", "02_WebSocket_DotNetStandard", "{183DF1C7-649D-4875-A336-8F5D17B09E58}"
EndProject
Project("{9A19103F-16F7-4668-BE54-9A1E7A4F7556}") = "02_CryptoDataSourceLib", "02_CryptoDataSourceLib\02_CryptoDataSourceLib.csproj", "{1C8C8F65-FF26-4195-9202-75E3274A8F29}"
EndProject
Project("{FAE04EC0-301F-11D3-BF4B-00C04F79EFBC}") = "02_BitcoinTracker.Uwp", "02_BitcoinTracker.Uwp\02_BitcoinTracker.Uwp.csproj", "{CD843C15-CC82-4CF4-8650-49BCF8D45CCD}"
EndProject
Project("{FAE04EC0-301F-11D3-BF4B-00C04F79EFBC}") = "02_BitcoinTracker.iOS", "02_BitcoinTracker.iOS\02_BitcoinTracker.iOS.csproj", "{66451480-DAB2-463C-ACEB-C6ED46C33382}"
EndProject
Project("{2150E333-8FDC-42A3-9474-1A3956D46DE8}") = "03_CSharp8NullableReferenceTypes", "03_CSharp8NullableReferenceTypes", "{1062879B-E29E-482D-8317-7E5538F52645}"
EndProject
Project("{FAE04EC0-301F-11D3-BF4B-00C04F79EFBC}") = "Cs8NullableReferenceTypes", "Cs8NullableReferenceTypes\Cs8NullableReferenceTypes.csproj", "{D2629604-54AA-4566-B0C3-FA867D786B89}"
EndProject
Project("{2150E333-8FDC-42A3-9474-1A3956D46DE8}") = "04_CSharp_CovarianceAndContravariance", "04_CSharp_CovarianceAndContravariance", "{DF2E42B5-5DA3-47FF-8D1F-3625B05B3204}"
EndProject
Project("{9A19103F-16F7-4668-BE54-9A1E7A4F7556}") = "CovarianceAndContravarianceSample", "CovarianceAndContravarianceSample\CovarianceAndContravarianceSample.csproj", "{7D7D0641-6748-45A9-9AE2-395E834F60D5}"
EndProject
Project("{2150E333-8FDC-42A3-9474-1A3956D46DE8}") = "05_BenchmarkDotNet", "05_BenchmarkDotNet", "{D4186E5A-52F6-4183-BFFB-8A370C8E8923}"
EndProject
Project("{9A19103F-16F7-4668-BE54-9A1E7A4F7556}") = "LibToBenchmark", "LibToBenchMark\LibToBenchmark.csproj", "{D56094E4-24BF-40BD-8404-BC6612BF2177}"
EndProject
Project("{9A19103F-16F7-4668-BE54-9A1E7A4F7556}") = "BenchmarkingLib", "BenchmarkingLib\BenchmarkingLib.csproj", "{8E27D7C2-1307-4327-9625-6A6A0BE1D32D}"
EndProject
Project("{2150E333-8FDC-42A3-9474-1A3956D46DE8}") = "06_AspNetCore_SocialLogin", "06_AspNetCore_SocialLogin", "{0989AD47-5DE1-4DE7-91CF-DCEA10384805}"
EndProject
Project("{9A19103F-16F7-4668-BE54-9A1E7A4F7556}") = "AspNetCore_SocialLogin", "AspNetCore_SocialLogin\AspNetCore_SocialLogin.csproj", "{6F0B117E-67D9-4CB3-8BF6-EC828F613985}"
EndProject
Project("{2150E333-8FDC-42A3-9474-1A3956D46DE8}") = "07_Fsharp", "07_Fsharp", "{E26431D4-194B-4BFB-8355-3F8FB3677DFC}"
EndProject
Project("{6EC3EE1D-3C4E-46DD-8F32-0CC8E7565705}") = "StockAnalyticsLib", "StockAnalyticsLib\StockAnalyticsLib.fsproj", "{1A4DE1F0-34A9-4E88-9949-465C3B593DB0}"
EndProject
Project("{9A19103F-16F7-4668-BE54-9A1E7A4F7556}") = "CsharpAppUsingFsharpLib", "CsharpAppUsingFsharpLib\CsharpAppUsingFsharpLib.csproj", "{C2DBF605-C183-468C-95E7-65BCF99214C6}"
EndProject
Project("{2150E333-8FDC-42A3-9474-1A3956D46DE8}") = "08_SignalRCore", "08_SignalRCore", "{028DA887-D810-45F3-B280-EA53822022CD}"
EndProject
Project("{9A19103F-16F7-4668-BE54-9A1E7A4F7556}") = "SignalRDemo", "SignalRDemo\SignalRDemo.csproj", "{AD4C994C-4DA6-4393-B261-B3D2BA1FD35F}"
EndProject
Project("{FAE04EC0-301F-11D3-BF4B-00C04F79EFBC}") = "SignalRClient", "SignalRDemo\SignalRClient\SignalRClient.csproj", "{4D571F26-BE38-4F6F-99A3-65AB7F8BAEAF}"
EndProject
Project("{2150E333-8FDC-42A3-9474-1A3956D46DE8}") = "09_Blazor", "09_Blazor", "{D8919FD4-3C8B-4C93-A41D-68350341909A}"
	ProjectSection(SolutionItems) = preProject
		09_Blazor\readme.txt = 09_Blazor\readme.txt
	EndProjectSection
EndProject
Project("{2150E333-8FDC-42A3-9474-1A3956D46DE8}") = "10_AspNetCoreDocker", "10_AspNetCoreDocker", "{0F4CD670-7875-4DA6-BB6A-ABFDB26B1D29}"
EndProject
Project("{9A19103F-16F7-4668-BE54-9A1E7A4F7556}") = "DockerSample", "10_AspNetCoreDocker\DockerSample\DockerSample.csproj", "{0F1EB413-7309-4F12-AA4D-895BD7E54C66}"
EndProject
Project("{E53339B2-1760-4266-BCC7-CA923CBCF16C}") = "docker-compose", "docker-compose.dcproj", "{61BE99CE-ED87-4822-887F-72E8D7645911}"
EndProject
Project("{2150E333-8FDC-42A3-9474-1A3956D46DE8}") = "11_Vectorization_Simd", "11_Vectorization_Simd", "{22BAC6EC-DF6F-4136-9AB4-5D4CB2335F50}"
EndProject
Project("{9A19103F-16F7-4668-BE54-9A1E7A4F7556}") = "Simd_Sample1", "11_Vectorization_Simd\Simd_Sample1\Simd_Sample1.csproj", "{27D90D5D-BB02-47DF-BB6B-F82F7AAD3C00}"
EndProject
Project("{2150E333-8FDC-42A3-9474-1A3956D46DE8}") = "12_ANCM_AspNetCore21", "12_ANCM_AspNetCore21", "{04E0D847-2DE8-4D0A-8233-39929A445E68}"
EndProject
Project("{FAE04EC0-301F-11D3-BF4B-00C04F79EFBC}") = "ANCM_Sample", "12_ANCM_AspNetCore21\ANCM_Sample\ANCM_Sample.csproj", "{FDC97D70-CE4D-440A-B6EF-10C41573B063}"
EndProject
Global
	GlobalSection(SolutionConfigurationPlatforms) = preSolution
		Debug|Any CPU = Debug|Any CPU
		Debug|ARM = Debug|ARM
		Debug|iPhone = Debug|iPhone
		Debug|iPhoneSimulator = Debug|iPhoneSimulator
		Debug|x64 = Debug|x64
		Debug|x86 = Debug|x86
		Release|Any CPU = Release|Any CPU
		Release|ARM = Release|ARM
		Release|iPhone = Release|iPhone
		Release|iPhoneSimulator = Release|iPhoneSimulator
		Release|x64 = Release|x64
		Release|x86 = Release|x86
	EndGlobalSection
	GlobalSection(ProjectConfigurationPlatforms) = postSolution
		{4FE36C80-6F69-4849-9E2F-95C9C4B14533}.Debug|Any CPU.ActiveCfg = Debug|x86
		{4FE36C80-6F69-4849-9E2F-95C9C4B14533}.Debug|ARM.ActiveCfg = Debug|ARM
		{4FE36C80-6F69-4849-9E2F-95C9C4B14533}.Debug|ARM.Build.0 = Debug|ARM
		{4FE36C80-6F69-4849-9E2F-95C9C4B14533}.Debug|ARM.Deploy.0 = Debug|ARM
		{4FE36C80-6F69-4849-9E2F-95C9C4B14533}.Debug|iPhone.ActiveCfg = Debug|x86
		{4FE36C80-6F69-4849-9E2F-95C9C4B14533}.Debug|iPhone.Build.0 = Debug|x86
		{4FE36C80-6F69-4849-9E2F-95C9C4B14533}.Debug|iPhoneSimulator.ActiveCfg = Debug|x86
		{4FE36C80-6F69-4849-9E2F-95C9C4B14533}.Debug|iPhoneSimulator.Build.0 = Debug|x86
		{4FE36C80-6F69-4849-9E2F-95C9C4B14533}.Debug|x64.ActiveCfg = Debug|x64
		{4FE36C80-6F69-4849-9E2F-95C9C4B14533}.Debug|x64.Build.0 = Debug|x64
		{4FE36C80-6F69-4849-9E2F-95C9C4B14533}.Debug|x64.Deploy.0 = Debug|x64
		{4FE36C80-6F69-4849-9E2F-95C9C4B14533}.Debug|x86.ActiveCfg = Debug|x86
		{4FE36C80-6F69-4849-9E2F-95C9C4B14533}.Debug|x86.Build.0 = Debug|x86
		{4FE36C80-6F69-4849-9E2F-95C9C4B14533}.Debug|x86.Deploy.0 = Debug|x86
		{4FE36C80-6F69-4849-9E2F-95C9C4B14533}.Release|Any CPU.ActiveCfg = Release|x86
		{4FE36C80-6F69-4849-9E2F-95C9C4B14533}.Release|ARM.ActiveCfg = Release|ARM
		{4FE36C80-6F69-4849-9E2F-95C9C4B14533}.Release|ARM.Build.0 = Release|ARM
		{4FE36C80-6F69-4849-9E2F-95C9C4B14533}.Release|ARM.Deploy.0 = Release|ARM
		{4FE36C80-6F69-4849-9E2F-95C9C4B14533}.Release|iPhone.ActiveCfg = Release|x86
		{4FE36C80-6F69-4849-9E2F-95C9C4B14533}.Release|iPhone.Build.0 = Release|x86
		{4FE36C80-6F69-4849-9E2F-95C9C4B14533}.Release|iPhoneSimulator.ActiveCfg = Release|x86
		{4FE36C80-6F69-4849-9E2F-95C9C4B14533}.Release|iPhoneSimulator.Build.0 = Release|x86
		{4FE36C80-6F69-4849-9E2F-95C9C4B14533}.Release|x64.ActiveCfg = Release|x64
		{4FE36C80-6F69-4849-9E2F-95C9C4B14533}.Release|x64.Build.0 = Release|x64
		{4FE36C80-6F69-4849-9E2F-95C9C4B14533}.Release|x64.Deploy.0 = Release|x64
		{4FE36C80-6F69-4849-9E2F-95C9C4B14533}.Release|x86.ActiveCfg = Release|x86
		{4FE36C80-6F69-4849-9E2F-95C9C4B14533}.Release|x86.Build.0 = Release|x86
		{4FE36C80-6F69-4849-9E2F-95C9C4B14533}.Release|x86.Deploy.0 = Release|x86
		{63316D65-6A85-4323-9FE3-1576305878A0}.Debug|Any CPU.ActiveCfg = Debug|x86
		{63316D65-6A85-4323-9FE3-1576305878A0}.Debug|ARM.ActiveCfg = Debug|ARM
		{63316D65-6A85-4323-9FE3-1576305878A0}.Debug|ARM.Build.0 = Debug|ARM
		{63316D65-6A85-4323-9FE3-1576305878A0}.Debug|ARM.Deploy.0 = Debug|ARM
		{63316D65-6A85-4323-9FE3-1576305878A0}.Debug|iPhone.ActiveCfg = Debug|x86
		{63316D65-6A85-4323-9FE3-1576305878A0}.Debug|iPhone.Build.0 = Debug|x86
		{63316D65-6A85-4323-9FE3-1576305878A0}.Debug|iPhoneSimulator.ActiveCfg = Debug|x86
		{63316D65-6A85-4323-9FE3-1576305878A0}.Debug|iPhoneSimulator.Build.0 = Debug|x86
		{63316D65-6A85-4323-9FE3-1576305878A0}.Debug|x64.ActiveCfg = Debug|x64
		{63316D65-6A85-4323-9FE3-1576305878A0}.Debug|x64.Build.0 = Debug|x64
		{63316D65-6A85-4323-9FE3-1576305878A0}.Debug|x64.Deploy.0 = Debug|x64
		{63316D65-6A85-4323-9FE3-1576305878A0}.Debug|x86.ActiveCfg = Debug|x86
		{63316D65-6A85-4323-9FE3-1576305878A0}.Debug|x86.Build.0 = Debug|x86
		{63316D65-6A85-4323-9FE3-1576305878A0}.Debug|x86.Deploy.0 = Debug|x86
		{63316D65-6A85-4323-9FE3-1576305878A0}.Release|Any CPU.ActiveCfg = Release|x86
		{63316D65-6A85-4323-9FE3-1576305878A0}.Release|ARM.ActiveCfg = Release|ARM
		{63316D65-6A85-4323-9FE3-1576305878A0}.Release|ARM.Build.0 = Release|ARM
		{63316D65-6A85-4323-9FE3-1576305878A0}.Release|ARM.Deploy.0 = Release|ARM
		{63316D65-6A85-4323-9FE3-1576305878A0}.Release|iPhone.ActiveCfg = Release|x86
		{63316D65-6A85-4323-9FE3-1576305878A0}.Release|iPhone.Build.0 = Release|x86
		{63316D65-6A85-4323-9FE3-1576305878A0}.Release|iPhoneSimulator.ActiveCfg = Release|x86
		{63316D65-6A85-4323-9FE3-1576305878A0}.Release|iPhoneSimulator.Build.0 = Release|x86
		{63316D65-6A85-4323-9FE3-1576305878A0}.Release|x64.ActiveCfg = Release|x64
		{63316D65-6A85-4323-9FE3-1576305878A0}.Release|x64.Build.0 = Release|x64
		{63316D65-6A85-4323-9FE3-1576305878A0}.Release|x64.Deploy.0 = Release|x64
		{63316D65-6A85-4323-9FE3-1576305878A0}.Release|x86.ActiveCfg = Release|x86
		{63316D65-6A85-4323-9FE3-1576305878A0}.Release|x86.Build.0 = Release|x86
		{63316D65-6A85-4323-9FE3-1576305878A0}.Release|x86.Deploy.0 = Release|x86
		{1C8C8F65-FF26-4195-9202-75E3274A8F29}.Debug|Any CPU.ActiveCfg = Debug|Any CPU
		{1C8C8F65-FF26-4195-9202-75E3274A8F29}.Debug|Any CPU.Build.0 = Debug|Any CPU
		{1C8C8F65-FF26-4195-9202-75E3274A8F29}.Debug|ARM.ActiveCfg = Debug|Any CPU
		{1C8C8F65-FF26-4195-9202-75E3274A8F29}.Debug|ARM.Build.0 = Debug|Any CPU
		{1C8C8F65-FF26-4195-9202-75E3274A8F29}.Debug|iPhone.ActiveCfg = Debug|Any CPU
		{1C8C8F65-FF26-4195-9202-75E3274A8F29}.Debug|iPhone.Build.0 = Debug|Any CPU
		{1C8C8F65-FF26-4195-9202-75E3274A8F29}.Debug|iPhoneSimulator.ActiveCfg = Debug|Any CPU
		{1C8C8F65-FF26-4195-9202-75E3274A8F29}.Debug|iPhoneSimulator.Build.0 = Debug|Any CPU
		{1C8C8F65-FF26-4195-9202-75E3274A8F29}.Debug|x64.ActiveCfg = Debug|Any CPU
		{1C8C8F65-FF26-4195-9202-75E3274A8F29}.Debug|x64.Build.0 = Debug|Any CPU
		{1C8C8F65-FF26-4195-9202-75E3274A8F29}.Debug|x86.ActiveCfg = Debug|Any CPU
		{1C8C8F65-FF26-4195-9202-75E3274A8F29}.Debug|x86.Build.0 = Debug|Any CPU
		{1C8C8F65-FF26-4195-9202-75E3274A8F29}.Release|Any CPU.ActiveCfg = Release|Any CPU
		{1C8C8F65-FF26-4195-9202-75E3274A8F29}.Release|Any CPU.Build.0 = Release|Any CPU
		{1C8C8F65-FF26-4195-9202-75E3274A8F29}.Release|ARM.ActiveCfg = Release|Any CPU
		{1C8C8F65-FF26-4195-9202-75E3274A8F29}.Release|ARM.Build.0 = Release|Any CPU
		{1C8C8F65-FF26-4195-9202-75E3274A8F29}.Release|iPhone.ActiveCfg = Release|Any CPU
		{1C8C8F65-FF26-4195-9202-75E3274A8F29}.Release|iPhone.Build.0 = Release|Any CPU
		{1C8C8F65-FF26-4195-9202-75E3274A8F29}.Release|iPhoneSimulator.ActiveCfg = Release|Any CPU
		{1C8C8F65-FF26-4195-9202-75E3274A8F29}.Release|iPhoneSimulator.Build.0 = Release|Any CPU
		{1C8C8F65-FF26-4195-9202-75E3274A8F29}.Release|x64.ActiveCfg = Release|Any CPU
		{1C8C8F65-FF26-4195-9202-75E3274A8F29}.Release|x64.Build.0 = Release|Any CPU
		{1C8C8F65-FF26-4195-9202-75E3274A8F29}.Release|x86.ActiveCfg = Release|Any CPU
		{1C8C8F65-FF26-4195-9202-75E3274A8F29}.Release|x86.Build.0 = Release|Any CPU
		{CD843C15-CC82-4CF4-8650-49BCF8D45CCD}.Debug|Any CPU.ActiveCfg = Debug|x86
		{CD843C15-CC82-4CF4-8650-49BCF8D45CCD}.Debug|ARM.ActiveCfg = Debug|ARM
		{CD843C15-CC82-4CF4-8650-49BCF8D45CCD}.Debug|ARM.Build.0 = Debug|ARM
		{CD843C15-CC82-4CF4-8650-49BCF8D45CCD}.Debug|ARM.Deploy.0 = Debug|ARM
		{CD843C15-CC82-4CF4-8650-49BCF8D45CCD}.Debug|iPhone.ActiveCfg = Debug|x86
		{CD843C15-CC82-4CF4-8650-49BCF8D45CCD}.Debug|iPhone.Build.0 = Debug|x86
		{CD843C15-CC82-4CF4-8650-49BCF8D45CCD}.Debug|iPhoneSimulator.ActiveCfg = Debug|x86
		{CD843C15-CC82-4CF4-8650-49BCF8D45CCD}.Debug|iPhoneSimulator.Build.0 = Debug|x86
		{CD843C15-CC82-4CF4-8650-49BCF8D45CCD}.Debug|x64.ActiveCfg = Debug|x64
		{CD843C15-CC82-4CF4-8650-49BCF8D45CCD}.Debug|x64.Build.0 = Debug|x64
		{CD843C15-CC82-4CF4-8650-49BCF8D45CCD}.Debug|x64.Deploy.0 = Debug|x64
		{CD843C15-CC82-4CF4-8650-49BCF8D45CCD}.Debug|x86.ActiveCfg = Debug|x86
		{CD843C15-CC82-4CF4-8650-49BCF8D45CCD}.Debug|x86.Build.0 = Debug|x86
		{CD843C15-CC82-4CF4-8650-49BCF8D45CCD}.Debug|x86.Deploy.0 = Debug|x86
		{CD843C15-CC82-4CF4-8650-49BCF8D45CCD}.Release|Any CPU.ActiveCfg = Release|x86
		{CD843C15-CC82-4CF4-8650-49BCF8D45CCD}.Release|ARM.ActiveCfg = Release|ARM
		{CD843C15-CC82-4CF4-8650-49BCF8D45CCD}.Release|ARM.Build.0 = Release|ARM
		{CD843C15-CC82-4CF4-8650-49BCF8D45CCD}.Release|ARM.Deploy.0 = Release|ARM
		{CD843C15-CC82-4CF4-8650-49BCF8D45CCD}.Release|iPhone.ActiveCfg = Release|x86
		{CD843C15-CC82-4CF4-8650-49BCF8D45CCD}.Release|iPhone.Build.0 = Release|x86
		{CD843C15-CC82-4CF4-8650-49BCF8D45CCD}.Release|iPhoneSimulator.ActiveCfg = Release|x86
		{CD843C15-CC82-4CF4-8650-49BCF8D45CCD}.Release|iPhoneSimulator.Build.0 = Release|x86
		{CD843C15-CC82-4CF4-8650-49BCF8D45CCD}.Release|x64.ActiveCfg = Release|x64
		{CD843C15-CC82-4CF4-8650-49BCF8D45CCD}.Release|x64.Build.0 = Release|x64
		{CD843C15-CC82-4CF4-8650-49BCF8D45CCD}.Release|x64.Deploy.0 = Release|x64
		{CD843C15-CC82-4CF4-8650-49BCF8D45CCD}.Release|x86.ActiveCfg = Release|x86
		{CD843C15-CC82-4CF4-8650-49BCF8D45CCD}.Release|x86.Build.0 = Release|x86
		{CD843C15-CC82-4CF4-8650-49BCF8D45CCD}.Release|x86.Deploy.0 = Release|x86
		{66451480-DAB2-463C-ACEB-C6ED46C33382}.Debug|Any CPU.ActiveCfg = Debug|iPhoneSimulator
		{66451480-DAB2-463C-ACEB-C6ED46C33382}.Debug|Any CPU.Build.0 = Debug|iPhoneSimulator
		{66451480-DAB2-463C-ACEB-C6ED46C33382}.Debug|ARM.ActiveCfg = Debug|iPhoneSimulator
		{66451480-DAB2-463C-ACEB-C6ED46C33382}.Debug|ARM.Build.0 = Debug|iPhoneSimulator
		{66451480-DAB2-463C-ACEB-C6ED46C33382}.Debug|iPhone.ActiveCfg = Debug|iPhone
		{66451480-DAB2-463C-ACEB-C6ED46C33382}.Debug|iPhone.Build.0 = Debug|iPhone
		{66451480-DAB2-463C-ACEB-C6ED46C33382}.Debug|iPhoneSimulator.ActiveCfg = Debug|iPhoneSimulator
		{66451480-DAB2-463C-ACEB-C6ED46C33382}.Debug|iPhoneSimulator.Build.0 = Debug|iPhoneSimulator
		{66451480-DAB2-463C-ACEB-C6ED46C33382}.Debug|x64.ActiveCfg = Debug|iPhoneSimulator
		{66451480-DAB2-463C-ACEB-C6ED46C33382}.Debug|x64.Build.0 = Debug|iPhoneSimulator
		{66451480-DAB2-463C-ACEB-C6ED46C33382}.Debug|x86.ActiveCfg = Debug|iPhoneSimulator
		{66451480-DAB2-463C-ACEB-C6ED46C33382}.Debug|x86.Build.0 = Debug|iPhoneSimulator
		{66451480-DAB2-463C-ACEB-C6ED46C33382}.Release|Any CPU.ActiveCfg = Release|iPhone
		{66451480-DAB2-463C-ACEB-C6ED46C33382}.Release|Any CPU.Build.0 = Release|iPhone
		{66451480-DAB2-463C-ACEB-C6ED46C33382}.Release|ARM.ActiveCfg = Release|iPhone
		{66451480-DAB2-463C-ACEB-C6ED46C33382}.Release|ARM.Build.0 = Release|iPhone
		{66451480-DAB2-463C-ACEB-C6ED46C33382}.Release|iPhone.ActiveCfg = Release|iPhone
		{66451480-DAB2-463C-ACEB-C6ED46C33382}.Release|iPhone.Build.0 = Release|iPhone
		{66451480-DAB2-463C-ACEB-C6ED46C33382}.Release|iPhoneSimulator.ActiveCfg = Release|iPhoneSimulator
		{66451480-DAB2-463C-ACEB-C6ED46C33382}.Release|iPhoneSimulator.Build.0 = Release|iPhoneSimulator
		{66451480-DAB2-463C-ACEB-C6ED46C33382}.Release|x64.ActiveCfg = Release|iPhone
		{66451480-DAB2-463C-ACEB-C6ED46C33382}.Release|x64.Build.0 = Release|iPhone
		{66451480-DAB2-463C-ACEB-C6ED46C33382}.Release|x86.ActiveCfg = Release|iPhone
		{66451480-DAB2-463C-ACEB-C6ED46C33382}.Release|x86.Build.0 = Release|iPhone
		{D2629604-54AA-4566-B0C3-FA867D786B89}.Debug|Any CPU.ActiveCfg = Debug|Any CPU
		{D2629604-54AA-4566-B0C3-FA867D786B89}.Debug|Any CPU.Build.0 = Debug|Any CPU
		{D2629604-54AA-4566-B0C3-FA867D786B89}.Debug|ARM.ActiveCfg = Debug|Any CPU
		{D2629604-54AA-4566-B0C3-FA867D786B89}.Debug|ARM.Build.0 = Debug|Any CPU
		{D2629604-54AA-4566-B0C3-FA867D786B89}.Debug|iPhone.ActiveCfg = Debug|Any CPU
		{D2629604-54AA-4566-B0C3-FA867D786B89}.Debug|iPhone.Build.0 = Debug|Any CPU
		{D2629604-54AA-4566-B0C3-FA867D786B89}.Debug|iPhoneSimulator.ActiveCfg = Debug|Any CPU
		{D2629604-54AA-4566-B0C3-FA867D786B89}.Debug|iPhoneSimulator.Build.0 = Debug|Any CPU
		{D2629604-54AA-4566-B0C3-FA867D786B89}.Debug|x64.ActiveCfg = Debug|Any CPU
		{D2629604-54AA-4566-B0C3-FA867D786B89}.Debug|x64.Build.0 = Debug|Any CPU
		{D2629604-54AA-4566-B0C3-FA867D786B89}.Debug|x86.ActiveCfg = Debug|Any CPU
		{D2629604-54AA-4566-B0C3-FA867D786B89}.Debug|x86.Build.0 = Debug|Any CPU
		{D2629604-54AA-4566-B0C3-FA867D786B89}.Release|Any CPU.ActiveCfg = Release|Any CPU
		{D2629604-54AA-4566-B0C3-FA867D786B89}.Release|Any CPU.Build.0 = Release|Any CPU
		{D2629604-54AA-4566-B0C3-FA867D786B89}.Release|ARM.ActiveCfg = Release|Any CPU
		{D2629604-54AA-4566-B0C3-FA867D786B89}.Release|ARM.Build.0 = Release|Any CPU
		{D2629604-54AA-4566-B0C3-FA867D786B89}.Release|iPhone.ActiveCfg = Release|Any CPU
		{D2629604-54AA-4566-B0C3-FA867D786B89}.Release|iPhone.Build.0 = Release|Any CPU
		{D2629604-54AA-4566-B0C3-FA867D786B89}.Release|iPhoneSimulator.ActiveCfg = Release|Any CPU
		{D2629604-54AA-4566-B0C3-FA867D786B89}.Release|iPhoneSimulator.Build.0 = Release|Any CPU
		{D2629604-54AA-4566-B0C3-FA867D786B89}.Release|x64.ActiveCfg = Release|Any CPU
		{D2629604-54AA-4566-B0C3-FA867D786B89}.Release|x64.Build.0 = Release|Any CPU
		{D2629604-54AA-4566-B0C3-FA867D786B89}.Release|x86.ActiveCfg = Release|Any CPU
		{D2629604-54AA-4566-B0C3-FA867D786B89}.Release|x86.Build.0 = Release|Any CPU
		{7D7D0641-6748-45A9-9AE2-395E834F60D5}.Debug|Any CPU.ActiveCfg = Debug|Any CPU
		{7D7D0641-6748-45A9-9AE2-395E834F60D5}.Debug|Any CPU.Build.0 = Debug|Any CPU
		{7D7D0641-6748-45A9-9AE2-395E834F60D5}.Debug|ARM.ActiveCfg = Debug|Any CPU
		{7D7D0641-6748-45A9-9AE2-395E834F60D5}.Debug|ARM.Build.0 = Debug|Any CPU
		{7D7D0641-6748-45A9-9AE2-395E834F60D5}.Debug|iPhone.ActiveCfg = Debug|Any CPU
		{7D7D0641-6748-45A9-9AE2-395E834F60D5}.Debug|iPhone.Build.0 = Debug|Any CPU
		{7D7D0641-6748-45A9-9AE2-395E834F60D5}.Debug|iPhoneSimulator.ActiveCfg = Debug|Any CPU
		{7D7D0641-6748-45A9-9AE2-395E834F60D5}.Debug|iPhoneSimulator.Build.0 = Debug|Any CPU
		{7D7D0641-6748-45A9-9AE2-395E834F60D5}.Debug|x64.ActiveCfg = Debug|Any CPU
		{7D7D0641-6748-45A9-9AE2-395E834F60D5}.Debug|x64.Build.0 = Debug|Any CPU
		{7D7D0641-6748-45A9-9AE2-395E834F60D5}.Debug|x86.ActiveCfg = Debug|Any CPU
		{7D7D0641-6748-45A9-9AE2-395E834F60D5}.Debug|x86.Build.0 = Debug|Any CPU
		{7D7D0641-6748-45A9-9AE2-395E834F60D5}.Release|Any CPU.ActiveCfg = Release|Any CPU
		{7D7D0641-6748-45A9-9AE2-395E834F60D5}.Release|Any CPU.Build.0 = Release|Any CPU
		{7D7D0641-6748-45A9-9AE2-395E834F60D5}.Release|ARM.ActiveCfg = Release|Any CPU
		{7D7D0641-6748-45A9-9AE2-395E834F60D5}.Release|ARM.Build.0 = Release|Any CPU
		{7D7D0641-6748-45A9-9AE2-395E834F60D5}.Release|iPhone.ActiveCfg = Release|Any CPU
		{7D7D0641-6748-45A9-9AE2-395E834F60D5}.Release|iPhone.Build.0 = Release|Any CPU
		{7D7D0641-6748-45A9-9AE2-395E834F60D5}.Release|iPhoneSimulator.ActiveCfg = Release|Any CPU
		{7D7D0641-6748-45A9-9AE2-395E834F60D5}.Release|iPhoneSimulator.Build.0 = Release|Any CPU
		{7D7D0641-6748-45A9-9AE2-395E834F60D5}.Release|x64.ActiveCfg = Release|Any CPU
		{7D7D0641-6748-45A9-9AE2-395E834F60D5}.Release|x64.Build.0 = Release|Any CPU
		{7D7D0641-6748-45A9-9AE2-395E834F60D5}.Release|x86.ActiveCfg = Release|Any CPU
		{7D7D0641-6748-45A9-9AE2-395E834F60D5}.Release|x86.Build.0 = Release|Any CPU
		{D56094E4-24BF-40BD-8404-BC6612BF2177}.Debug|Any CPU.ActiveCfg = Debug|Any CPU
		{D56094E4-24BF-40BD-8404-BC6612BF2177}.Debug|Any CPU.Build.0 = Debug|Any CPU
		{D56094E4-24BF-40BD-8404-BC6612BF2177}.Debug|ARM.ActiveCfg = Debug|Any CPU
		{D56094E4-24BF-40BD-8404-BC6612BF2177}.Debug|ARM.Build.0 = Debug|Any CPU
		{D56094E4-24BF-40BD-8404-BC6612BF2177}.Debug|iPhone.ActiveCfg = Debug|Any CPU
		{D56094E4-24BF-40BD-8404-BC6612BF2177}.Debug|iPhone.Build.0 = Debug|Any CPU
		{D56094E4-24BF-40BD-8404-BC6612BF2177}.Debug|iPhoneSimulator.ActiveCfg = Debug|Any CPU
		{D56094E4-24BF-40BD-8404-BC6612BF2177}.Debug|iPhoneSimulator.Build.0 = Debug|Any CPU
		{D56094E4-24BF-40BD-8404-BC6612BF2177}.Debug|x64.ActiveCfg = Debug|Any CPU
		{D56094E4-24BF-40BD-8404-BC6612BF2177}.Debug|x64.Build.0 = Debug|Any CPU
		{D56094E4-24BF-40BD-8404-BC6612BF2177}.Debug|x86.ActiveCfg = Debug|Any CPU
		{D56094E4-24BF-40BD-8404-BC6612BF2177}.Debug|x86.Build.0 = Debug|Any CPU
		{D56094E4-24BF-40BD-8404-BC6612BF2177}.Release|Any CPU.ActiveCfg = Release|Any CPU
		{D56094E4-24BF-40BD-8404-BC6612BF2177}.Release|Any CPU.Build.0 = Release|Any CPU
		{D56094E4-24BF-40BD-8404-BC6612BF2177}.Release|ARM.ActiveCfg = Release|Any CPU
		{D56094E4-24BF-40BD-8404-BC6612BF2177}.Release|ARM.Build.0 = Release|Any CPU
		{D56094E4-24BF-40BD-8404-BC6612BF2177}.Release|iPhone.ActiveCfg = Release|Any CPU
		{D56094E4-24BF-40BD-8404-BC6612BF2177}.Release|iPhone.Build.0 = Release|Any CPU
		{D56094E4-24BF-40BD-8404-BC6612BF2177}.Release|iPhoneSimulator.ActiveCfg = Release|Any CPU
		{D56094E4-24BF-40BD-8404-BC6612BF2177}.Release|iPhoneSimulator.Build.0 = Release|Any CPU
		{D56094E4-24BF-40BD-8404-BC6612BF2177}.Release|x64.ActiveCfg = Release|Any CPU
		{D56094E4-24BF-40BD-8404-BC6612BF2177}.Release|x64.Build.0 = Release|Any CPU
		{D56094E4-24BF-40BD-8404-BC6612BF2177}.Release|x86.ActiveCfg = Release|Any CPU
		{D56094E4-24BF-40BD-8404-BC6612BF2177}.Release|x86.Build.0 = Release|Any CPU
		{8E27D7C2-1307-4327-9625-6A6A0BE1D32D}.Debug|Any CPU.ActiveCfg = Debug|Any CPU
		{8E27D7C2-1307-4327-9625-6A6A0BE1D32D}.Debug|Any CPU.Build.0 = Debug|Any CPU
		{8E27D7C2-1307-4327-9625-6A6A0BE1D32D}.Debug|ARM.ActiveCfg = Debug|Any CPU
		{8E27D7C2-1307-4327-9625-6A6A0BE1D32D}.Debug|ARM.Build.0 = Debug|Any CPU
		{8E27D7C2-1307-4327-9625-6A6A0BE1D32D}.Debug|iPhone.ActiveCfg = Debug|Any CPU
		{8E27D7C2-1307-4327-9625-6A6A0BE1D32D}.Debug|iPhone.Build.0 = Debug|Any CPU
		{8E27D7C2-1307-4327-9625-6A6A0BE1D32D}.Debug|iPhoneSimulator.ActiveCfg = Debug|Any CPU
		{8E27D7C2-1307-4327-9625-6A6A0BE1D32D}.Debug|iPhoneSimulator.Build.0 = Debug|Any CPU
		{8E27D7C2-1307-4327-9625-6A6A0BE1D32D}.Debug|x64.ActiveCfg = Debug|Any CPU
		{8E27D7C2-1307-4327-9625-6A6A0BE1D32D}.Debug|x64.Build.0 = Debug|Any CPU
		{8E27D7C2-1307-4327-9625-6A6A0BE1D32D}.Debug|x86.ActiveCfg = Debug|Any CPU
		{8E27D7C2-1307-4327-9625-6A6A0BE1D32D}.Debug|x86.Build.0 = Debug|Any CPU
		{8E27D7C2-1307-4327-9625-6A6A0BE1D32D}.Release|Any CPU.ActiveCfg = Release|Any CPU
		{8E27D7C2-1307-4327-9625-6A6A0BE1D32D}.Release|Any CPU.Build.0 = Release|Any CPU
		{8E27D7C2-1307-4327-9625-6A6A0BE1D32D}.Release|ARM.ActiveCfg = Release|Any CPU
		{8E27D7C2-1307-4327-9625-6A6A0BE1D32D}.Release|ARM.Build.0 = Release|Any CPU
		{8E27D7C2-1307-4327-9625-6A6A0BE1D32D}.Release|iPhone.ActiveCfg = Release|Any CPU
		{8E27D7C2-1307-4327-9625-6A6A0BE1D32D}.Release|iPhone.Build.0 = Release|Any CPU
		{8E27D7C2-1307-4327-9625-6A6A0BE1D32D}.Release|iPhoneSimulator.ActiveCfg = Release|Any CPU
		{8E27D7C2-1307-4327-9625-6A6A0BE1D32D}.Release|iPhoneSimulator.Build.0 = Release|Any CPU
		{8E27D7C2-1307-4327-9625-6A6A0BE1D32D}.Release|x64.ActiveCfg = Release|Any CPU
		{8E27D7C2-1307-4327-9625-6A6A0BE1D32D}.Release|x64.Build.0 = Release|Any CPU
		{8E27D7C2-1307-4327-9625-6A6A0BE1D32D}.Release|x86.ActiveCfg = Release|Any CPU
		{8E27D7C2-1307-4327-9625-6A6A0BE1D32D}.Release|x86.Build.0 = Release|Any CPU
		{6F0B117E-67D9-4CB3-8BF6-EC828F613985}.Debug|Any CPU.ActiveCfg = Debug|Any CPU
		{6F0B117E-67D9-4CB3-8BF6-EC828F613985}.Debug|Any CPU.Build.0 = Debug|Any CPU
		{6F0B117E-67D9-4CB3-8BF6-EC828F613985}.Debug|ARM.ActiveCfg = Debug|Any CPU
		{6F0B117E-67D9-4CB3-8BF6-EC828F613985}.Debug|ARM.Build.0 = Debug|Any CPU
		{6F0B117E-67D9-4CB3-8BF6-EC828F613985}.Debug|iPhone.ActiveCfg = Debug|Any CPU
		{6F0B117E-67D9-4CB3-8BF6-EC828F613985}.Debug|iPhone.Build.0 = Debug|Any CPU
		{6F0B117E-67D9-4CB3-8BF6-EC828F613985}.Debug|iPhoneSimulator.ActiveCfg = Debug|Any CPU
		{6F0B117E-67D9-4CB3-8BF6-EC828F613985}.Debug|iPhoneSimulator.Build.0 = Debug|Any CPU
		{6F0B117E-67D9-4CB3-8BF6-EC828F613985}.Debug|x64.ActiveCfg = Debug|Any CPU
		{6F0B117E-67D9-4CB3-8BF6-EC828F613985}.Debug|x64.Build.0 = Debug|Any CPU
		{6F0B117E-67D9-4CB3-8BF6-EC828F613985}.Debug|x86.ActiveCfg = Debug|Any CPU
		{6F0B117E-67D9-4CB3-8BF6-EC828F613985}.Debug|x86.Build.0 = Debug|Any CPU
		{6F0B117E-67D9-4CB3-8BF6-EC828F613985}.Release|Any CPU.ActiveCfg = Release|Any CPU
		{6F0B117E-67D9-4CB3-8BF6-EC828F613985}.Release|Any CPU.Build.0 = Release|Any CPU
		{6F0B117E-67D9-4CB3-8BF6-EC828F613985}.Release|ARM.ActiveCfg = Release|Any CPU
		{6F0B117E-67D9-4CB3-8BF6-EC828F613985}.Release|ARM.Build.0 = Release|Any CPU
		{6F0B117E-67D9-4CB3-8BF6-EC828F613985}.Release|iPhone.ActiveCfg = Release|Any CPU
		{6F0B117E-67D9-4CB3-8BF6-EC828F613985}.Release|iPhone.Build.0 = Release|Any CPU
		{6F0B117E-67D9-4CB3-8BF6-EC828F613985}.Release|iPhoneSimulator.ActiveCfg = Release|Any CPU
		{6F0B117E-67D9-4CB3-8BF6-EC828F613985}.Release|iPhoneSimulator.Build.0 = Release|Any CPU
		{6F0B117E-67D9-4CB3-8BF6-EC828F613985}.Release|x64.ActiveCfg = Release|Any CPU
		{6F0B117E-67D9-4CB3-8BF6-EC828F613985}.Release|x64.Build.0 = Release|Any CPU
		{6F0B117E-67D9-4CB3-8BF6-EC828F613985}.Release|x86.ActiveCfg = Release|Any CPU
		{6F0B117E-67D9-4CB3-8BF6-EC828F613985}.Release|x86.Build.0 = Release|Any CPU
		{1A4DE1F0-34A9-4E88-9949-465C3B593DB0}.Debug|Any CPU.ActiveCfg = Debug|Any CPU
		{1A4DE1F0-34A9-4E88-9949-465C3B593DB0}.Debug|Any CPU.Build.0 = Debug|Any CPU
		{1A4DE1F0-34A9-4E88-9949-465C3B593DB0}.Debug|ARM.ActiveCfg = Debug|Any CPU
		{1A4DE1F0-34A9-4E88-9949-465C3B593DB0}.Debug|ARM.Build.0 = Debug|Any CPU
		{1A4DE1F0-34A9-4E88-9949-465C3B593DB0}.Debug|iPhone.ActiveCfg = Debug|Any CPU
		{1A4DE1F0-34A9-4E88-9949-465C3B593DB0}.Debug|iPhone.Build.0 = Debug|Any CPU
		{1A4DE1F0-34A9-4E88-9949-465C3B593DB0}.Debug|iPhoneSimulator.ActiveCfg = Debug|Any CPU
		{1A4DE1F0-34A9-4E88-9949-465C3B593DB0}.Debug|iPhoneSimulator.Build.0 = Debug|Any CPU
		{1A4DE1F0-34A9-4E88-9949-465C3B593DB0}.Debug|x64.ActiveCfg = Debug|Any CPU
		{1A4DE1F0-34A9-4E88-9949-465C3B593DB0}.Debug|x64.Build.0 = Debug|Any CPU
		{1A4DE1F0-34A9-4E88-9949-465C3B593DB0}.Debug|x86.ActiveCfg = Debug|Any CPU
		{1A4DE1F0-34A9-4E88-9949-465C3B593DB0}.Debug|x86.Build.0 = Debug|Any CPU
		{1A4DE1F0-34A9-4E88-9949-465C3B593DB0}.Release|Any CPU.ActiveCfg = Release|Any CPU
		{1A4DE1F0-34A9-4E88-9949-465C3B593DB0}.Release|Any CPU.Build.0 = Release|Any CPU
		{1A4DE1F0-34A9-4E88-9949-465C3B593DB0}.Release|ARM.ActiveCfg = Release|Any CPU
		{1A4DE1F0-34A9-4E88-9949-465C3B593DB0}.Release|ARM.Build.0 = Release|Any CPU
		{1A4DE1F0-34A9-4E88-9949-465C3B593DB0}.Release|iPhone.ActiveCfg = Release|Any CPU
		{1A4DE1F0-34A9-4E88-9949-465C3B593DB0}.Release|iPhone.Build.0 = Release|Any CPU
		{1A4DE1F0-34A9-4E88-9949-465C3B593DB0}.Release|iPhoneSimulator.ActiveCfg = Release|Any CPU
		{1A4DE1F0-34A9-4E88-9949-465C3B593DB0}.Release|iPhoneSimulator.Build.0 = Release|Any CPU
		{1A4DE1F0-34A9-4E88-9949-465C3B593DB0}.Release|x64.ActiveCfg = Release|Any CPU
		{1A4DE1F0-34A9-4E88-9949-465C3B593DB0}.Release|x64.Build.0 = Release|Any CPU
		{1A4DE1F0-34A9-4E88-9949-465C3B593DB0}.Release|x86.ActiveCfg = Release|Any CPU
		{1A4DE1F0-34A9-4E88-9949-465C3B593DB0}.Release|x86.Build.0 = Release|Any CPU
		{C2DBF605-C183-468C-95E7-65BCF99214C6}.Debug|Any CPU.ActiveCfg = Debug|Any CPU
		{C2DBF605-C183-468C-95E7-65BCF99214C6}.Debug|Any CPU.Build.0 = Debug|Any CPU
		{C2DBF605-C183-468C-95E7-65BCF99214C6}.Debug|ARM.ActiveCfg = Debug|Any CPU
		{C2DBF605-C183-468C-95E7-65BCF99214C6}.Debug|ARM.Build.0 = Debug|Any CPU
		{C2DBF605-C183-468C-95E7-65BCF99214C6}.Debug|iPhone.ActiveCfg = Debug|Any CPU
		{C2DBF605-C183-468C-95E7-65BCF99214C6}.Debug|iPhone.Build.0 = Debug|Any CPU
		{C2DBF605-C183-468C-95E7-65BCF99214C6}.Debug|iPhoneSimulator.ActiveCfg = Debug|Any CPU
		{C2DBF605-C183-468C-95E7-65BCF99214C6}.Debug|iPhoneSimulator.Build.0 = Debug|Any CPU
		{C2DBF605-C183-468C-95E7-65BCF99214C6}.Debug|x64.ActiveCfg = Debug|Any CPU
		{C2DBF605-C183-468C-95E7-65BCF99214C6}.Debug|x64.Build.0 = Debug|Any CPU
		{C2DBF605-C183-468C-95E7-65BCF99214C6}.Debug|x86.ActiveCfg = Debug|Any CPU
		{C2DBF605-C183-468C-95E7-65BCF99214C6}.Debug|x86.Build.0 = Debug|Any CPU
		{C2DBF605-C183-468C-95E7-65BCF99214C6}.Release|Any CPU.ActiveCfg = Release|Any CPU
		{C2DBF605-C183-468C-95E7-65BCF99214C6}.Release|Any CPU.Build.0 = Release|Any CPU
		{C2DBF605-C183-468C-95E7-65BCF99214C6}.Release|ARM.ActiveCfg = Release|Any CPU
		{C2DBF605-C183-468C-95E7-65BCF99214C6}.Release|ARM.Build.0 = Release|Any CPU
		{C2DBF605-C183-468C-95E7-65BCF99214C6}.Release|iPhone.ActiveCfg = Release|Any CPU
		{C2DBF605-C183-468C-95E7-65BCF99214C6}.Release|iPhone.Build.0 = Release|Any CPU
		{C2DBF605-C183-468C-95E7-65BCF99214C6}.Release|iPhoneSimulator.ActiveCfg = Release|Any CPU
		{C2DBF605-C183-468C-95E7-65BCF99214C6}.Release|iPhoneSimulator.Build.0 = Release|Any CPU
		{C2DBF605-C183-468C-95E7-65BCF99214C6}.Release|x64.ActiveCfg = Release|Any CPU
		{C2DBF605-C183-468C-95E7-65BCF99214C6}.Release|x64.Build.0 = Release|Any CPU
		{C2DBF605-C183-468C-95E7-65BCF99214C6}.Release|x86.ActiveCfg = Release|Any CPU
		{C2DBF605-C183-468C-95E7-65BCF99214C6}.Release|x86.Build.0 = Release|Any CPU
		{AD4C994C-4DA6-4393-B261-B3D2BA1FD35F}.Debug|Any CPU.ActiveCfg = Debug|Any CPU
		{AD4C994C-4DA6-4393-B261-B3D2BA1FD35F}.Debug|Any CPU.Build.0 = Debug|Any CPU
		{AD4C994C-4DA6-4393-B261-B3D2BA1FD35F}.Debug|ARM.ActiveCfg = Debug|Any CPU
		{AD4C994C-4DA6-4393-B261-B3D2BA1FD35F}.Debug|ARM.Build.0 = Debug|Any CPU
		{AD4C994C-4DA6-4393-B261-B3D2BA1FD35F}.Debug|iPhone.ActiveCfg = Debug|Any CPU
		{AD4C994C-4DA6-4393-B261-B3D2BA1FD35F}.Debug|iPhone.Build.0 = Debug|Any CPU
		{AD4C994C-4DA6-4393-B261-B3D2BA1FD35F}.Debug|iPhoneSimulator.ActiveCfg = Debug|Any CPU
		{AD4C994C-4DA6-4393-B261-B3D2BA1FD35F}.Debug|iPhoneSimulator.Build.0 = Debug|Any CPU
		{AD4C994C-4DA6-4393-B261-B3D2BA1FD35F}.Debug|x64.ActiveCfg = Debug|Any CPU
		{AD4C994C-4DA6-4393-B261-B3D2BA1FD35F}.Debug|x64.Build.0 = Debug|Any CPU
		{AD4C994C-4DA6-4393-B261-B3D2BA1FD35F}.Debug|x86.ActiveCfg = Debug|Any CPU
		{AD4C994C-4DA6-4393-B261-B3D2BA1FD35F}.Debug|x86.Build.0 = Debug|Any CPU
		{AD4C994C-4DA6-4393-B261-B3D2BA1FD35F}.Release|Any CPU.ActiveCfg = Release|Any CPU
		{AD4C994C-4DA6-4393-B261-B3D2BA1FD35F}.Release|Any CPU.Build.0 = Release|Any CPU
		{AD4C994C-4DA6-4393-B261-B3D2BA1FD35F}.Release|ARM.ActiveCfg = Release|Any CPU
		{AD4C994C-4DA6-4393-B261-B3D2BA1FD35F}.Release|ARM.Build.0 = Release|Any CPU
		{AD4C994C-4DA6-4393-B261-B3D2BA1FD35F}.Release|iPhone.ActiveCfg = Release|Any CPU
		{AD4C994C-4DA6-4393-B261-B3D2BA1FD35F}.Release|iPhone.Build.0 = Release|Any CPU
		{AD4C994C-4DA6-4393-B261-B3D2BA1FD35F}.Release|iPhoneSimulator.ActiveCfg = Release|Any CPU
		{AD4C994C-4DA6-4393-B261-B3D2BA1FD35F}.Release|iPhoneSimulator.Build.0 = Release|Any CPU
		{AD4C994C-4DA6-4393-B261-B3D2BA1FD35F}.Release|x64.ActiveCfg = Release|Any CPU
		{AD4C994C-4DA6-4393-B261-B3D2BA1FD35F}.Release|x64.Build.0 = Release|Any CPU
		{AD4C994C-4DA6-4393-B261-B3D2BA1FD35F}.Release|x86.ActiveCfg = Release|Any CPU
		{AD4C994C-4DA6-4393-B261-B3D2BA1FD35F}.Release|x86.Build.0 = Release|Any CPU
		{4D571F26-BE38-4F6F-99A3-65AB7F8BAEAF}.Debug|Any CPU.ActiveCfg = Debug|iPhoneSimulator
		{4D571F26-BE38-4F6F-99A3-65AB7F8BAEAF}.Debug|Any CPU.Build.0 = Debug|iPhoneSimulator
		{4D571F26-BE38-4F6F-99A3-65AB7F8BAEAF}.Debug|ARM.ActiveCfg = Debug|iPhoneSimulator
		{4D571F26-BE38-4F6F-99A3-65AB7F8BAEAF}.Debug|ARM.Build.0 = Debug|iPhoneSimulator
		{4D571F26-BE38-4F6F-99A3-65AB7F8BAEAF}.Debug|iPhone.ActiveCfg = Debug|iPhone
		{4D571F26-BE38-4F6F-99A3-65AB7F8BAEAF}.Debug|iPhone.Build.0 = Debug|iPhone
		{4D571F26-BE38-4F6F-99A3-65AB7F8BAEAF}.Debug|iPhoneSimulator.ActiveCfg = Debug|iPhoneSimulator
		{4D571F26-BE38-4F6F-99A3-65AB7F8BAEAF}.Debug|iPhoneSimulator.Build.0 = Debug|iPhoneSimulator
		{4D571F26-BE38-4F6F-99A3-65AB7F8BAEAF}.Debug|x64.ActiveCfg = Debug|iPhoneSimulator
		{4D571F26-BE38-4F6F-99A3-65AB7F8BAEAF}.Debug|x64.Build.0 = Debug|iPhoneSimulator
		{4D571F26-BE38-4F6F-99A3-65AB7F8BAEAF}.Debug|x86.ActiveCfg = Debug|iPhoneSimulator
		{4D571F26-BE38-4F6F-99A3-65AB7F8BAEAF}.Debug|x86.Build.0 = Debug|iPhoneSimulator
		{4D571F26-BE38-4F6F-99A3-65AB7F8BAEAF}.Release|Any CPU.ActiveCfg = Release|iPhone
		{4D571F26-BE38-4F6F-99A3-65AB7F8BAEAF}.Release|Any CPU.Build.0 = Release|iPhone
		{4D571F26-BE38-4F6F-99A3-65AB7F8BAEAF}.Release|ARM.ActiveCfg = Release|iPhone
		{4D571F26-BE38-4F6F-99A3-65AB7F8BAEAF}.Release|ARM.Build.0 = Release|iPhone
		{4D571F26-BE38-4F6F-99A3-65AB7F8BAEAF}.Release|iPhone.ActiveCfg = Release|iPhone
		{4D571F26-BE38-4F6F-99A3-65AB7F8BAEAF}.Release|iPhone.Build.0 = Release|iPhone
		{4D571F26-BE38-4F6F-99A3-65AB7F8BAEAF}.Release|iPhoneSimulator.ActiveCfg = Release|iPhoneSimulator
		{4D571F26-BE38-4F6F-99A3-65AB7F8BAEAF}.Release|iPhoneSimulator.Build.0 = Release|iPhoneSimulator
		{4D571F26-BE38-4F6F-99A3-65AB7F8BAEAF}.Release|x64.ActiveCfg = Release|iPhone
		{4D571F26-BE38-4F6F-99A3-65AB7F8BAEAF}.Release|x64.Build.0 = Release|iPhone
		{4D571F26-BE38-4F6F-99A3-65AB7F8BAEAF}.Release|x86.ActiveCfg = Release|iPhone
		{4D571F26-BE38-4F6F-99A3-65AB7F8BAEAF}.Release|x86.Build.0 = Release|iPhone
		{0F1EB413-7309-4F12-AA4D-895BD7E54C66}.Debug|Any CPU.ActiveCfg = Debug|Any CPU
		{0F1EB413-7309-4F12-AA4D-895BD7E54C66}.Debug|Any CPU.Build.0 = Debug|Any CPU
		{0F1EB413-7309-4F12-AA4D-895BD7E54C66}.Debug|ARM.ActiveCfg = Debug|Any CPU
		{0F1EB413-7309-4F12-AA4D-895BD7E54C66}.Debug|ARM.Build.0 = Debug|Any CPU
		{0F1EB413-7309-4F12-AA4D-895BD7E54C66}.Debug|iPhone.ActiveCfg = Debug|Any CPU
		{0F1EB413-7309-4F12-AA4D-895BD7E54C66}.Debug|iPhone.Build.0 = Debug|Any CPU
		{0F1EB413-7309-4F12-AA4D-895BD7E54C66}.Debug|iPhoneSimulator.ActiveCfg = Debug|Any CPU
		{0F1EB413-7309-4F12-AA4D-895BD7E54C66}.Debug|iPhoneSimulator.Build.0 = Debug|Any CPU
		{0F1EB413-7309-4F12-AA4D-895BD7E54C66}.Debug|x64.ActiveCfg = Debug|Any CPU
		{0F1EB413-7309-4F12-AA4D-895BD7E54C66}.Debug|x64.Build.0 = Debug|Any CPU
		{0F1EB413-7309-4F12-AA4D-895BD7E54C66}.Debug|x86.ActiveCfg = Debug|Any CPU
		{0F1EB413-7309-4F12-AA4D-895BD7E54C66}.Debug|x86.Build.0 = Debug|Any CPU
		{0F1EB413-7309-4F12-AA4D-895BD7E54C66}.Release|Any CPU.ActiveCfg = Release|Any CPU
		{0F1EB413-7309-4F12-AA4D-895BD7E54C66}.Release|Any CPU.Build.0 = Release|Any CPU
		{0F1EB413-7309-4F12-AA4D-895BD7E54C66}.Release|ARM.ActiveCfg = Release|Any CPU
		{0F1EB413-7309-4F12-AA4D-895BD7E54C66}.Release|ARM.Build.0 = Release|Any CPU
		{0F1EB413-7309-4F12-AA4D-895BD7E54C66}.Release|iPhone.ActiveCfg = Release|Any CPU
		{0F1EB413-7309-4F12-AA4D-895BD7E54C66}.Release|iPhone.Build.0 = Release|Any CPU
		{0F1EB413-7309-4F12-AA4D-895BD7E54C66}.Release|iPhoneSimulator.ActiveCfg = Release|Any CPU
		{0F1EB413-7309-4F12-AA4D-895BD7E54C66}.Release|iPhoneSimulator.Build.0 = Release|Any CPU
		{0F1EB413-7309-4F12-AA4D-895BD7E54C66}.Release|x64.ActiveCfg = Release|Any CPU
		{0F1EB413-7309-4F12-AA4D-895BD7E54C66}.Release|x64.Build.0 = Release|Any CPU
		{0F1EB413-7309-4F12-AA4D-895BD7E54C66}.Release|x86.ActiveCfg = Release|Any CPU
		{0F1EB413-7309-4F12-AA4D-895BD7E54C66}.Release|x86.Build.0 = Release|Any CPU
		{61BE99CE-ED87-4822-887F-72E8D7645911}.Debug|Any CPU.ActiveCfg = Debug|Any CPU
		{61BE99CE-ED87-4822-887F-72E8D7645911}.Debug|Any CPU.Build.0 = Debug|Any CPU
		{61BE99CE-ED87-4822-887F-72E8D7645911}.Debug|ARM.ActiveCfg = Debug|Any CPU
		{61BE99CE-ED87-4822-887F-72E8D7645911}.Debug|ARM.Build.0 = Debug|Any CPU
		{61BE99CE-ED87-4822-887F-72E8D7645911}.Debug|iPhone.ActiveCfg = Debug|Any CPU
		{61BE99CE-ED87-4822-887F-72E8D7645911}.Debug|iPhone.Build.0 = Debug|Any CPU
		{61BE99CE-ED87-4822-887F-72E8D7645911}.Debug|iPhoneSimulator.ActiveCfg = Debug|Any CPU
		{61BE99CE-ED87-4822-887F-72E8D7645911}.Debug|iPhoneSimulator.Build.0 = Debug|Any CPU
		{61BE99CE-ED87-4822-887F-72E8D7645911}.Debug|x64.ActiveCfg = Debug|Any CPU
		{61BE99CE-ED87-4822-887F-72E8D7645911}.Debug|x64.Build.0 = Debug|Any CPU
		{61BE99CE-ED87-4822-887F-72E8D7645911}.Debug|x86.ActiveCfg = Debug|Any CPU
		{61BE99CE-ED87-4822-887F-72E8D7645911}.Debug|x86.Build.0 = Debug|Any CPU
		{61BE99CE-ED87-4822-887F-72E8D7645911}.Release|Any CPU.ActiveCfg = Release|Any CPU
		{61BE99CE-ED87-4822-887F-72E8D7645911}.Release|Any CPU.Build.0 = Release|Any CPU
		{61BE99CE-ED87-4822-887F-72E8D7645911}.Release|ARM.ActiveCfg = Release|Any CPU
		{61BE99CE-ED87-4822-887F-72E8D7645911}.Release|ARM.Build.0 = Release|Any CPU
		{61BE99CE-ED87-4822-887F-72E8D7645911}.Release|iPhone.ActiveCfg = Release|Any CPU
		{61BE99CE-ED87-4822-887F-72E8D7645911}.Release|iPhone.Build.0 = Release|Any CPU
		{61BE99CE-ED87-4822-887F-72E8D7645911}.Release|iPhoneSimulator.ActiveCfg = Release|Any CPU
		{61BE99CE-ED87-4822-887F-72E8D7645911}.Release|iPhoneSimulator.Build.0 = Release|Any CPU
		{61BE99CE-ED87-4822-887F-72E8D7645911}.Release|x64.ActiveCfg = Release|Any CPU
		{61BE99CE-ED87-4822-887F-72E8D7645911}.Release|x64.Build.0 = Release|Any CPU
		{61BE99CE-ED87-4822-887F-72E8D7645911}.Release|x86.ActiveCfg = Release|Any CPU
		{61BE99CE-ED87-4822-887F-72E8D7645911}.Release|x86.Build.0 = Release|Any CPU
		{27D90D5D-BB02-47DF-BB6B-F82F7AAD3C00}.Debug|Any CPU.ActiveCfg = Debug|Any CPU
		{27D90D5D-BB02-47DF-BB6B-F82F7AAD3C00}.Debug|Any CPU.Build.0 = Debug|Any CPU
		{27D90D5D-BB02-47DF-BB6B-F82F7AAD3C00}.Debug|ARM.ActiveCfg = Debug|Any CPU
		{27D90D5D-BB02-47DF-BB6B-F82F7AAD3C00}.Debug|ARM.Build.0 = Debug|Any CPU
		{27D90D5D-BB02-47DF-BB6B-F82F7AAD3C00}.Debug|iPhone.ActiveCfg = Debug|Any CPU
		{27D90D5D-BB02-47DF-BB6B-F82F7AAD3C00}.Debug|iPhone.Build.0 = Debug|Any CPU
		{27D90D5D-BB02-47DF-BB6B-F82F7AAD3C00}.Debug|iPhoneSimulator.ActiveCfg = Debug|Any CPU
		{27D90D5D-BB02-47DF-BB6B-F82F7AAD3C00}.Debug|iPhoneSimulator.Build.0 = Debug|Any CPU
		{27D90D5D-BB02-47DF-BB6B-F82F7AAD3C00}.Debug|x64.ActiveCfg = Debug|Any CPU
		{27D90D5D-BB02-47DF-BB6B-F82F7AAD3C00}.Debug|x64.Build.0 = Debug|Any CPU
		{27D90D5D-BB02-47DF-BB6B-F82F7AAD3C00}.Debug|x86.ActiveCfg = Debug|Any CPU
		{27D90D5D-BB02-47DF-BB6B-F82F7AAD3C00}.Debug|x86.Build.0 = Debug|Any CPU
		{27D90D5D-BB02-47DF-BB6B-F82F7AAD3C00}.Release|Any CPU.ActiveCfg = Release|Any CPU
		{27D90D5D-BB02-47DF-BB6B-F82F7AAD3C00}.Release|Any CPU.Build.0 = Release|Any CPU
		{27D90D5D-BB02-47DF-BB6B-F82F7AAD3C00}.Release|ARM.ActiveCfg = Release|Any CPU
		{27D90D5D-BB02-47DF-BB6B-F82F7AAD3C00}.Release|ARM.Build.0 = Release|Any CPU
		{27D90D5D-BB02-47DF-BB6B-F82F7AAD3C00}.Release|iPhone.ActiveCfg = Release|Any CPU
		{27D90D5D-BB02-47DF-BB6B-F82F7AAD3C00}.Release|iPhone.Build.0 = Release|Any CPU
		{27D90D5D-BB02-47DF-BB6B-F82F7AAD3C00}.Release|iPhoneSimulator.ActiveCfg = Release|Any CPU
		{27D90D5D-BB02-47DF-BB6B-F82F7AAD3C00}.Release|iPhoneSimulator.Build.0 = Release|Any CPU
		{27D90D5D-BB02-47DF-BB6B-F82F7AAD3C00}.Release|x64.ActiveCfg = Release|Any CPU
		{27D90D5D-BB02-47DF-BB6B-F82F7AAD3C00}.Release|x64.Build.0 = Release|Any CPU
		{27D90D5D-BB02-47DF-BB6B-F82F7AAD3C00}.Release|x86.ActiveCfg = Release|Any CPU
		{27D90D5D-BB02-47DF-BB6B-F82F7AAD3C00}.Release|x86.Build.0 = Release|Any CPU
		{FDC97D70-CE4D-440A-B6EF-10C41573B063}.Debug|Any CPU.ActiveCfg = Debug|Any CPU
		{FDC97D70-CE4D-440A-B6EF-10C41573B063}.Debug|Any CPU.Build.0 = Debug|Any CPU
		{FDC97D70-CE4D-440A-B6EF-10C41573B063}.Debug|ARM.ActiveCfg = Debug|Any CPU
		{FDC97D70-CE4D-440A-B6EF-10C41573B063}.Debug|ARM.Build.0 = Debug|Any CPU
		{FDC97D70-CE4D-440A-B6EF-10C41573B063}.Debug|iPhone.ActiveCfg = Debug|Any CPU
		{FDC97D70-CE4D-440A-B6EF-10C41573B063}.Debug|iPhone.Build.0 = Debug|Any CPU
		{FDC97D70-CE4D-440A-B6EF-10C41573B063}.Debug|iPhoneSimulator.ActiveCfg = Debug|Any CPU
		{FDC97D70-CE4D-440A-B6EF-10C41573B063}.Debug|iPhoneSimulator.Build.0 = Debug|Any CPU
		{FDC97D70-CE4D-440A-B6EF-10C41573B063}.Debug|x64.ActiveCfg = Debug|Any CPU
		{FDC97D70-CE4D-440A-B6EF-10C41573B063}.Debug|x64.Build.0 = Debug|Any CPU
		{FDC97D70-CE4D-440A-B6EF-10C41573B063}.Debug|x86.ActiveCfg = Debug|Any CPU
		{FDC97D70-CE4D-440A-B6EF-10C41573B063}.Debug|x86.Build.0 = Debug|Any CPU
		{FDC97D70-CE4D-440A-B6EF-10C41573B063}.Release|Any CPU.ActiveCfg = Release|Any CPU
		{FDC97D70-CE4D-440A-B6EF-10C41573B063}.Release|Any CPU.Build.0 = Release|Any CPU
		{FDC97D70-CE4D-440A-B6EF-10C41573B063}.Release|ARM.ActiveCfg = Release|Any CPU
		{FDC97D70-CE4D-440A-B6EF-10C41573B063}.Release|ARM.Build.0 = Release|Any CPU
		{FDC97D70-CE4D-440A-B6EF-10C41573B063}.Release|iPhone.ActiveCfg = Release|Any CPU
		{FDC97D70-CE4D-440A-B6EF-10C41573B063}.Release|iPhone.Build.0 = Release|Any CPU
		{FDC97D70-CE4D-440A-B6EF-10C41573B063}.Release|iPhoneSimulator.ActiveCfg = Release|Any CPU
		{FDC97D70-CE4D-440A-B6EF-10C41573B063}.Release|iPhoneSimulator.Build.0 = Release|Any CPU
		{FDC97D70-CE4D-440A-B6EF-10C41573B063}.Release|x64.ActiveCfg = Release|Any CPU
		{FDC97D70-CE4D-440A-B6EF-10C41573B063}.Release|x64.Build.0 = Release|Any CPU
		{FDC97D70-CE4D-440A-B6EF-10C41573B063}.Release|x86.ActiveCfg = Release|Any CPU
		{FDC97D70-CE4D-440A-B6EF-10C41573B063}.Release|x86.Build.0 = Release|Any CPU
	EndGlobalSection
	GlobalSection(SolutionProperties) = preSolution
		HideSolutionNode = FALSE
	EndGlobalSection
	GlobalSection(NestedProjects) = preSolution
		{4FE36C80-6F69-4849-9E2F-95C9C4B14533} = {5C0448D4-A4C8-4A13-A39C-D78A3AB57E2F}
		{63316D65-6A85-4323-9FE3-1576305878A0} = {5C0448D4-A4C8-4A13-A39C-D78A3AB57E2F}
		{1C8C8F65-FF26-4195-9202-75E3274A8F29} = {183DF1C7-649D-4875-A336-8F5D17B09E58}
		{CD843C15-CC82-4CF4-8650-49BCF8D45CCD} = {183DF1C7-649D-4875-A336-8F5D17B09E58}
		{66451480-DAB2-463C-ACEB-C6ED46C33382} = {183DF1C7-649D-4875-A336-8F5D17B09E58}
		{D2629604-54AA-4566-B0C3-FA867D786B89} = {1062879B-E29E-482D-8317-7E5538F52645}
		{7D7D0641-6748-45A9-9AE2-395E834F60D5} = {DF2E42B5-5DA3-47FF-8D1F-3625B05B3204}
		{D56094E4-24BF-40BD-8404-BC6612BF2177} = {D4186E5A-52F6-4183-BFFB-8A370C8E8923}
		{8E27D7C2-1307-4327-9625-6A6A0BE1D32D} = {D4186E5A-52F6-4183-BFFB-8A370C8E8923}
		{6F0B117E-67D9-4CB3-8BF6-EC828F613985} = {0989AD47-5DE1-4DE7-91CF-DCEA10384805}
		{1A4DE1F0-34A9-4E88-9949-465C3B593DB0} = {E26431D4-194B-4BFB-8355-3F8FB3677DFC}
		{C2DBF605-C183-468C-95E7-65BCF99214C6} = {E26431D4-194B-4BFB-8355-3F8FB3677DFC}
		{AD4C994C-4DA6-4393-B261-B3D2BA1FD35F} = {028DA887-D810-45F3-B280-EA53822022CD}
		{4D571F26-BE38-4F6F-99A3-65AB7F8BAEAF} = {028DA887-D810-45F3-B280-EA53822022CD}
		{0F1EB413-7309-4F12-AA4D-895BD7E54C66} = {0F4CD670-7875-4DA6-BB6A-ABFDB26B1D29}
		{61BE99CE-ED87-4822-887F-72E8D7645911} = {0F4CD670-7875-4DA6-BB6A-ABFDB26B1D29}
		{27D90D5D-BB02-47DF-BB6B-F82F7AAD3C00} = {22BAC6EC-DF6F-4136-9AB4-5D4CB2335F50}
		{FDC97D70-CE4D-440A-B6EF-10C41573B063} = {04E0D847-2DE8-4D0A-8233-39929A445E68}
	EndGlobalSection
	GlobalSection(ExtensibilityGlobals) = postSolution
		SolutionGuid = {3F64F0A3-5CD0-44AB-A2E7-D2A2AD801C8A}
	EndGlobalSection
EndGlobal
