
Microsoft Visual Studio Solution File, Format Version 12.00
# Visual Studio 15
VisualStudioVersion = 15.0.27130.2010
MinimumVisualStudioVersion = 10.0.40219.1
Project("{FAE04EC0-301F-11D3-BF4B-00C04F79EFBC}") = "01_CancellationSample_Before", "01_CancellationSample_Before\01_CancellationSample_Before.csproj", "{4FE36C80-6F69-4849-9E2F-95C9C4B14533}"
EndProject
Project("{FAE04EC0-301F-11D3-BF4B-00C04F79EFBC}") = "01_CancellationSample_After", "01_CancellationSample_After\01_CancellationSample_After.csproj", "{63316D65-6A85-4323-9FE3-1576305878A0}"
EndProject
Project("{2150E333-8FDC-42A3-9474-1A3956D46DE8}") = "01_CancellationSample", "01_CancellationSample", "{5C0448D4-A4C8-4A13-A39C-D78A3AB57E2F}"
EndProject
Project("{2150E333-8FDC-42A3-9474-1A3956D46DE8}") = "02_WebSocket_DotNetStandard", "02_WebSocket_DotNetStandard", "{183DF1C7-649D-4875-A336-8F5D17B09E58}"
EndProject
Project("{9A19103F-16F7-4668-BE54-9A1E7A4F7556}") = "02_CryptoDataSourceLib", "02_CryptoDataSourceLib\02_CryptoDataSourceLib.csproj", "{1C8C8F65-FF26-4195-9202-75E3274A8F29}"
EndProject
Project("{FAE04EC0-301F-11D3-BF4B-00C04F79EFBC}") = "02_BitcoinTracker.Uwp", "02_BitcoinTracker.Uwp\02_BitcoinTracker.Uwp.csproj", "{CD843C15-CC82-4CF4-8650-49BCF8D45CCD}"
EndProject
Project("{FAE04EC0-301F-11D3-BF4B-00C04F79EFBC}") = "02_BitcoinTracker.iOS", "02_BitcoinTracker.iOS\02_BitcoinTracker.iOS.csproj", "{66451480-DAB2-463C-ACEB-C6ED46C33382}"
EndProject
Project("{2150E333-8FDC-42A3-9474-1A3956D46DE8}") = "03_CSharp8NullableReferenceTypes", "03_CSharp8NullableReferenceTypes", "{1062879B-E29E-482D-8317-7E5538F52645}"
EndProject
Project("{FAE04EC0-301F-11D3-BF4B-00C04F79EFBC}") = "Cs8NullableReferenceTypes", "Cs8NullableReferenceTypes\Cs8NullableReferenceTypes.csproj", "{D2629604-54AA-4566-B0C3-FA867D786B89}"
EndProject
Project("{2150E333-8FDC-42A3-9474-1A3956D46DE8}") = "04_CSharp_CovarianceAndContravariance", "04_CSharp_CovarianceAndContravariance", "{DF2E42B5-5DA3-47FF-8D1F-3625B05B3204}"
EndProject
Project("{FAE04EC0-301F-11D3-BF4B-00C04F79EFBC}") = "CovarianceAndContravarianceSample", "CovarianceAndContravarianceSample\CovarianceAndContravarianceSample.csproj", "{7D7D0641-6748-45A9-9AE2-395E834F60D5}"
EndProject
Global
	GlobalSection(SolutionConfigurationPlatforms) = preSolution
		Debug|Any CPU = Debug|Any CPU
		Debug|ARM = Debug|ARM
		Debug|iPhone = Debug|iPhone
		Debug|iPhoneSimulator = Debug|iPhoneSimulator
		Debug|x64 = Debug|x64
		Debug|x86 = Debug|x86
		Release|Any CPU = Release|Any CPU
		Release|ARM = Release|ARM
		Release|iPhone = Release|iPhone
		Release|iPhoneSimulator = Release|iPhoneSimulator
		Release|x64 = Release|x64
		Release|x86 = Release|x86
	EndGlobalSection
	GlobalSection(ProjectConfigurationPlatforms) = postSolution
		{4FE36C80-6F69-4849-9E2F-95C9C4B14533}.Debug|Any CPU.ActiveCfg = Debug|x86
		{4FE36C80-6F69-4849-9E2F-95C9C4B14533}.Debug|ARM.ActiveCfg = Debug|ARM
		{4FE36C80-6F69-4849-9E2F-95C9C4B14533}.Debug|ARM.Build.0 = Debug|ARM
		{4FE36C80-6F69-4849-9E2F-95C9C4B14533}.Debug|ARM.Deploy.0 = Debug|ARM
		{4FE36C80-6F69-4849-9E2F-95C9C4B14533}.Debug|iPhone.ActiveCfg = Debug|x86
		{4FE36C80-6F69-4849-9E2F-95C9C4B14533}.Debug|iPhone.Build.0 = Debug|x86
		{4FE36C80-6F69-4849-9E2F-95C9C4B14533}.Debug|iPhoneSimulator.ActiveCfg = Debug|x86
		{4FE36C80-6F69-4849-9E2F-95C9C4B14533}.Debug|iPhoneSimulator.Build.0 = Debug|x86
		{4FE36C80-6F69-4849-9E2F-95C9C4B14533}.Debug|x64.ActiveCfg = Debug|x64
		{4FE36C80-6F69-4849-9E2F-95C9C4B14533}.Debug|x64.Build.0 = Debug|x64
		{4FE36C80-6F69-4849-9E2F-95C9C4B14533}.Debug|x64.Deploy.0 = Debug|x64
		{4FE36C80-6F69-4849-9E2F-95C9C4B14533}.Debug|x86.ActiveCfg = Debug|x86
		{4FE36C80-6F69-4849-9E2F-95C9C4B14533}.Debug|x86.Build.0 = Debug|x86
		{4FE36C80-6F69-4849-9E2F-95C9C4B14533}.Debug|x86.Deploy.0 = Debug|x86
		{4FE36C80-6F69-4849-9E2F-95C9C4B14533}.Release|Any CPU.ActiveCfg = Release|x86
		{4FE36C80-6F69-4849-9E2F-95C9C4B14533}.Release|ARM.ActiveCfg = Release|ARM
		{4FE36C80-6F69-4849-9E2F-95C9C4B14533}.Release|ARM.Build.0 = Release|ARM
		{4FE36C80-6F69-4849-9E2F-95C9C4B14533}.Release|ARM.Deploy.0 = Release|ARM
		{4FE36C80-6F69-4849-9E2F-95C9C4B14533}.Release|iPhone.ActiveCfg = Release|x86
		{4FE36C80-6F69-4849-9E2F-95C9C4B14533}.Release|iPhone.Build.0 = Release|x86
		{4FE36C80-6F69-4849-9E2F-95C9C4B14533}.Release|iPhoneSimulator.ActiveCfg = Release|x86
		{4FE36C80-6F69-4849-9E2F-95C9C4B14533}.Release|iPhoneSimulator.Build.0 = Release|x86
		{4FE36C80-6F69-4849-9E2F-95C9C4B14533}.Release|x64.ActiveCfg = Release|x64
		{4FE36C80-6F69-4849-9E2F-95C9C4B14533}.Release|x64.Build.0 = Release|x64
		{4FE36C80-6F69-4849-9E2F-95C9C4B14533}.Release|x64.Deploy.0 = Release|x64
		{4FE36C80-6F69-4849-9E2F-95C9C4B14533}.Release|x86.ActiveCfg = Release|x86
		{4FE36C80-6F69-4849-9E2F-95C9C4B14533}.Release|x86.Build.0 = Release|x86
		{4FE36C80-6F69-4849-9E2F-95C9C4B14533}.Release|x86.Deploy.0 = Release|x86
		{63316D65-6A85-4323-9FE3-1576305878A0}.Debug|Any CPU.ActiveCfg = Debug|x86
		{63316D65-6A85-4323-9FE3-1576305878A0}.Debug|ARM.ActiveCfg = Debug|ARM
		{63316D65-6A85-4323-9FE3-1576305878A0}.Debug|ARM.Build.0 = Debug|ARM
		{63316D65-6A85-4323-9FE3-1576305878A0}.Debug|ARM.Deploy.0 = Debug|ARM
		{63316D65-6A85-4323-9FE3-1576305878A0}.Debug|iPhone.ActiveCfg = Debug|x86
		{63316D65-6A85-4323-9FE3-1576305878A0}.Debug|iPhone.Build.0 = Debug|x86
		{63316D65-6A85-4323-9FE3-1576305878A0}.Debug|iPhoneSimulator.ActiveCfg = Debug|x86
		{63316D65-6A85-4323-9FE3-1576305878A0}.Debug|iPhoneSimulator.Build.0 = Debug|x86
		{63316D65-6A85-4323-9FE3-1576305878A0}.Debug|x64.ActiveCfg = Debug|x64
		{63316D65-6A85-4323-9FE3-1576305878A0}.Debug|x64.Build.0 = Debug|x64
		{63316D65-6A85-4323-9FE3-1576305878A0}.Debug|x64.Deploy.0 = Debug|x64
		{63316D65-6A85-4323-9FE3-1576305878A0}.Debug|x86.ActiveCfg = Debug|x86
		{63316D65-6A85-4323-9FE3-1576305878A0}.Debug|x86.Build.0 = Debug|x86
		{63316D65-6A85-4323-9FE3-1576305878A0}.Debug|x86.Deploy.0 = Debug|x86
		{63316D65-6A85-4323-9FE3-1576305878A0}.Release|Any CPU.ActiveCfg = Release|x86
		{63316D65-6A85-4323-9FE3-1576305878A0}.Release|ARM.ActiveCfg = Release|ARM
		{63316D65-6A85-4323-9FE3-1576305878A0}.Release|ARM.Build.0 = Release|ARM
		{63316D65-6A85-4323-9FE3-1576305878A0}.Release|ARM.Deploy.0 = Release|ARM
		{63316D65-6A85-4323-9FE3-1576305878A0}.Release|iPhone.ActiveCfg = Release|x86
		{63316D65-6A85-4323-9FE3-1576305878A0}.Release|iPhone.Build.0 = Release|x86
		{63316D65-6A85-4323-9FE3-1576305878A0}.Release|iPhoneSimulator.ActiveCfg = Release|x86
		{63316D65-6A85-4323-9FE3-1576305878A0}.Release|iPhoneSimulator.Build.0 = Release|x86
		{63316D65-6A85-4323-9FE3-1576305878A0}.Release|x64.ActiveCfg = Release|x64
		{63316D65-6A85-4323-9FE3-1576305878A0}.Release|x64.Build.0 = Release|x64
		{63316D65-6A85-4323-9FE3-1576305878A0}.Release|x64.Deploy.0 = Release|x64
		{63316D65-6A85-4323-9FE3-1576305878A0}.Release|x86.ActiveCfg = Release|x86
		{63316D65-6A85-4323-9FE3-1576305878A0}.Release|x86.Build.0 = Release|x86
		{63316D65-6A85-4323-9FE3-1576305878A0}.Release|x86.Deploy.0 = Release|x86
		{1C8C8F65-FF26-4195-9202-75E3274A8F29}.Debug|Any CPU.ActiveCfg = Debug|Any CPU
		{1C8C8F65-FF26-4195-9202-75E3274A8F29}.Debug|Any CPU.Build.0 = Debug|Any CPU
		{1C8C8F65-FF26-4195-9202-75E3274A8F29}.Debug|ARM.ActiveCfg = Debug|Any CPU
		{1C8C8F65-FF26-4195-9202-75E3274A8F29}.Debug|ARM.Build.0 = Debug|Any CPU
		{1C8C8F65-FF26-4195-9202-75E3274A8F29}.Debug|iPhone.ActiveCfg = Debug|Any CPU
		{1C8C8F65-FF26-4195-9202-75E3274A8F29}.Debug|iPhone.Build.0 = Debug|Any CPU
		{1C8C8F65-FF26-4195-9202-75E3274A8F29}.Debug|iPhoneSimulator.ActiveCfg = Debug|Any CPU
		{1C8C8F65-FF26-4195-9202-75E3274A8F29}.Debug|iPhoneSimulator.Build.0 = Debug|Any CPU
		{1C8C8F65-FF26-4195-9202-75E3274A8F29}.Debug|x64.ActiveCfg = Debug|Any CPU
		{1C8C8F65-FF26-4195-9202-75E3274A8F29}.Debug|x64.Build.0 = Debug|Any CPU
		{1C8C8F65-FF26-4195-9202-75E3274A8F29}.Debug|x86.ActiveCfg = Debug|Any CPU
		{1C8C8F65-FF26-4195-9202-75E3274A8F29}.Debug|x86.Build.0 = Debug|Any CPU
		{1C8C8F65-FF26-4195-9202-75E3274A8F29}.Release|Any CPU.ActiveCfg = Release|Any CPU
		{1C8C8F65-FF26-4195-9202-75E3274A8F29}.Release|Any CPU.Build.0 = Release|Any CPU
		{1C8C8F65-FF26-4195-9202-75E3274A8F29}.Release|ARM.ActiveCfg = Release|Any CPU
		{1C8C8F65-FF26-4195-9202-75E3274A8F29}.Release|ARM.Build.0 = Release|Any CPU
		{1C8C8F65-FF26-4195-9202-75E3274A8F29}.Release|iPhone.ActiveCfg = Release|Any CPU
		{1C8C8F65-FF26-4195-9202-75E3274A8F29}.Release|iPhone.Build.0 = Release|Any CPU
		{1C8C8F65-FF26-4195-9202-75E3274A8F29}.Release|iPhoneSimulator.ActiveCfg = Release|Any CPU
		{1C8C8F65-FF26-4195-9202-75E3274A8F29}.Release|iPhoneSimulator.Build.0 = Release|Any CPU
		{1C8C8F65-FF26-4195-9202-75E3274A8F29}.Release|x64.ActiveCfg = Release|Any CPU
		{1C8C8F65-FF26-4195-9202-75E3274A8F29}.Release|x64.Build.0 = Release|Any CPU
		{1C8C8F65-FF26-4195-9202-75E3274A8F29}.Release|x86.ActiveCfg = Release|Any CPU
		{1C8C8F65-FF26-4195-9202-75E3274A8F29}.Release|x86.Build.0 = Release|Any CPU
		{CD843C15-CC82-4CF4-8650-49BCF8D45CCD}.Debug|Any CPU.ActiveCfg = Debug|x86
		{CD843C15-CC82-4CF4-8650-49BCF8D45CCD}.Debug|ARM.ActiveCfg = Debug|ARM
		{CD843C15-CC82-4CF4-8650-49BCF8D45CCD}.Debug|ARM.Build.0 = Debug|ARM
		{CD843C15-CC82-4CF4-8650-49BCF8D45CCD}.Debug|ARM.Deploy.0 = Debug|ARM
		{CD843C15-CC82-4CF4-8650-49BCF8D45CCD}.Debug|iPhone.ActiveCfg = Debug|x86
		{CD843C15-CC82-4CF4-8650-49BCF8D45CCD}.Debug|iPhone.Build.0 = Debug|x86
		{CD843C15-CC82-4CF4-8650-49BCF8D45CCD}.Debug|iPhoneSimulator.ActiveCfg = Debug|x86
		{CD843C15-CC82-4CF4-8650-49BCF8D45CCD}.Debug|iPhoneSimulator.Build.0 = Debug|x86
		{CD843C15-CC82-4CF4-8650-49BCF8D45CCD}.Debug|x64.ActiveCfg = Debug|x64
		{CD843C15-CC82-4CF4-8650-49BCF8D45CCD}.Debug|x64.Build.0 = Debug|x64
		{CD843C15-CC82-4CF4-8650-49BCF8D45CCD}.Debug|x64.Deploy.0 = Debug|x64
		{CD843C15-CC82-4CF4-8650-49BCF8D45CCD}.Debug|x86.ActiveCfg = Debug|x86
		{CD843C15-CC82-4CF4-8650-49BCF8D45CCD}.Debug|x86.Build.0 = Debug|x86
		{CD843C15-CC82-4CF4-8650-49BCF8D45CCD}.Debug|x86.Deploy.0 = Debug|x86
		{CD843C15-CC82-4CF4-8650-49BCF8D45CCD}.Release|Any CPU.ActiveCfg = Release|x86
		{CD843C15-CC82-4CF4-8650-49BCF8D45CCD}.Release|ARM.ActiveCfg = Release|ARM
		{CD843C15-CC82-4CF4-8650-49BCF8D45CCD}.Release|ARM.Build.0 = Release|ARM
		{CD843C15-CC82-4CF4-8650-49BCF8D45CCD}.Release|ARM.Deploy.0 = Release|ARM
		{CD843C15-CC82-4CF4-8650-49BCF8D45CCD}.Release|iPhone.ActiveCfg = Release|x86
		{CD843C15-CC82-4CF4-8650-49BCF8D45CCD}.Release|iPhone.Build.0 = Release|x86
		{CD843C15-CC82-4CF4-8650-49BCF8D45CCD}.Release|iPhoneSimulator.ActiveCfg = Release|x86
		{CD843C15-CC82-4CF4-8650-49BCF8D45CCD}.Release|iPhoneSimulator.Build.0 = Release|x86
		{CD843C15-CC82-4CF4-8650-49BCF8D45CCD}.Release|x64.ActiveCfg = Release|x64
		{CD843C15-CC82-4CF4-8650-49BCF8D45CCD}.Release|x64.Build.0 = Release|x64
		{CD843C15-CC82-4CF4-8650-49BCF8D45CCD}.Release|x64.Deploy.0 = Release|x64
		{CD843C15-CC82-4CF4-8650-49BCF8D45CCD}.Release|x86.ActiveCfg = Release|x86
		{CD843C15-CC82-4CF4-8650-49BCF8D45CCD}.Release|x86.Build.0 = Release|x86
		{CD843C15-CC82-4CF4-8650-49BCF8D45CCD}.Release|x86.Deploy.0 = Release|x86
		{66451480-DAB2-463C-ACEB-C6ED46C33382}.Debug|Any CPU.ActiveCfg = Debug|iPhoneSimulator
		{66451480-DAB2-463C-ACEB-C6ED46C33382}.Debug|Any CPU.Build.0 = Debug|iPhoneSimulator
		{66451480-DAB2-463C-ACEB-C6ED46C33382}.Debug|ARM.ActiveCfg = Debug|iPhoneSimulator
		{66451480-DAB2-463C-ACEB-C6ED46C33382}.Debug|ARM.Build.0 = Debug|iPhoneSimulator
		{66451480-DAB2-463C-ACEB-C6ED46C33382}.Debug|iPhone.ActiveCfg = Debug|iPhone
		{66451480-DAB2-463C-ACEB-C6ED46C33382}.Debug|iPhone.Build.0 = Debug|iPhone
		{66451480-DAB2-463C-ACEB-C6ED46C33382}.Debug|iPhoneSimulator.ActiveCfg = Debug|iPhoneSimulator
		{66451480-DAB2-463C-ACEB-C6ED46C33382}.Debug|iPhoneSimulator.Build.0 = Debug|iPhoneSimulator
		{66451480-DAB2-463C-ACEB-C6ED46C33382}.Debug|x64.ActiveCfg = Debug|iPhoneSimulator
		{66451480-DAB2-463C-ACEB-C6ED46C33382}.Debug|x64.Build.0 = Debug|iPhoneSimulator
		{66451480-DAB2-463C-ACEB-C6ED46C33382}.Debug|x86.ActiveCfg = Debug|iPhoneSimulator
		{66451480-DAB2-463C-ACEB-C6ED46C33382}.Debug|x86.Build.0 = Debug|iPhoneSimulator
		{66451480-DAB2-463C-ACEB-C6ED46C33382}.Release|Any CPU.ActiveCfg = Release|iPhone
		{66451480-DAB2-463C-ACEB-C6ED46C33382}.Release|Any CPU.Build.0 = Release|iPhone
		{66451480-DAB2-463C-ACEB-C6ED46C33382}.Release|ARM.ActiveCfg = Release|iPhone
		{66451480-DAB2-463C-ACEB-C6ED46C33382}.Release|ARM.Build.0 = Release|iPhone
		{66451480-DAB2-463C-ACEB-C6ED46C33382}.Release|iPhone.ActiveCfg = Release|iPhone
		{66451480-DAB2-463C-ACEB-C6ED46C33382}.Release|iPhone.Build.0 = Release|iPhone
		{66451480-DAB2-463C-ACEB-C6ED46C33382}.Release|iPhoneSimulator.ActiveCfg = Release|iPhoneSimulator
		{66451480-DAB2-463C-ACEB-C6ED46C33382}.Release|iPhoneSimulator.Build.0 = Release|iPhoneSimulator
		{66451480-DAB2-463C-ACEB-C6ED46C33382}.Release|x64.ActiveCfg = Release|iPhone
		{66451480-DAB2-463C-ACEB-C6ED46C33382}.Release|x64.Build.0 = Release|iPhone
		{66451480-DAB2-463C-ACEB-C6ED46C33382}.Release|x86.ActiveCfg = Release|iPhone
		{66451480-DAB2-463C-ACEB-C6ED46C33382}.Release|x86.Build.0 = Release|iPhone
		{D2629604-54AA-4566-B0C3-FA867D786B89}.Debug|Any CPU.ActiveCfg = Debug|Any CPU
		{D2629604-54AA-4566-B0C3-FA867D786B89}.Debug|Any CPU.Build.0 = Debug|Any CPU
		{D2629604-54AA-4566-B0C3-FA867D786B89}.Debug|ARM.ActiveCfg = Debug|Any CPU
		{D2629604-54AA-4566-B0C3-FA867D786B89}.Debug|ARM.Build.0 = Debug|Any CPU
		{D2629604-54AA-4566-B0C3-FA867D786B89}.Debug|iPhone.ActiveCfg = Debug|Any CPU
		{D2629604-54AA-4566-B0C3-FA867D786B89}.Debug|iPhone.Build.0 = Debug|Any CPU
		{D2629604-54AA-4566-B0C3-FA867D786B89}.Debug|iPhoneSimulator.ActiveCfg = Debug|Any CPU
		{D2629604-54AA-4566-B0C3-FA867D786B89}.Debug|iPhoneSimulator.Build.0 = Debug|Any CPU
		{D2629604-54AA-4566-B0C3-FA867D786B89}.Debug|x64.ActiveCfg = Debug|Any CPU
		{D2629604-54AA-4566-B0C3-FA867D786B89}.Debug|x64.Build.0 = Debug|Any CPU
		{D2629604-54AA-4566-B0C3-FA867D786B89}.Debug|x86.ActiveCfg = Debug|Any CPU
		{D2629604-54AA-4566-B0C3-FA867D786B89}.Debug|x86.Build.0 = Debug|Any CPU
		{D2629604-54AA-4566-B0C3-FA867D786B89}.Release|Any CPU.ActiveCfg = Release|Any CPU
		{D2629604-54AA-4566-B0C3-FA867D786B89}.Release|Any CPU.Build.0 = Release|Any CPU
		{D2629604-54AA-4566-B0C3-FA867D786B89}.Release|ARM.ActiveCfg = Release|Any CPU
		{D2629604-54AA-4566-B0C3-FA867D786B89}.Release|ARM.Build.0 = Release|Any CPU
		{D2629604-54AA-4566-B0C3-FA867D786B89}.Release|iPhone.ActiveCfg = Release|Any CPU
		{D2629604-54AA-4566-B0C3-FA867D786B89}.Release|iPhone.Build.0 = Release|Any CPU
		{D2629604-54AA-4566-B0C3-FA867D786B89}.Release|iPhoneSimulator.ActiveCfg = Release|Any CPU
		{D2629604-54AA-4566-B0C3-FA867D786B89}.Release|iPhoneSimulator.Build.0 = Release|Any CPU
		{D2629604-54AA-4566-B0C3-FA867D786B89}.Release|x64.ActiveCfg = Release|Any CPU
		{D2629604-54AA-4566-B0C3-FA867D786B89}.Release|x64.Build.0 = Release|Any CPU
		{D2629604-54AA-4566-B0C3-FA867D786B89}.Release|x86.ActiveCfg = Release|Any CPU
		{D2629604-54AA-4566-B0C3-FA867D786B89}.Release|x86.Build.0 = Release|Any CPU
		{7D7D0641-6748-45A9-9AE2-395E834F60D5}.Debug|Any CPU.ActiveCfg = Debug|Any CPU
		{7D7D0641-6748-45A9-9AE2-395E834F60D5}.Debug|Any CPU.Build.0 = Debug|Any CPU
		{7D7D0641-6748-45A9-9AE2-395E834F60D5}.Debug|ARM.ActiveCfg = Debug|Any CPU
		{7D7D0641-6748-45A9-9AE2-395E834F60D5}.Debug|ARM.Build.0 = Debug|Any CPU
		{7D7D0641-6748-45A9-9AE2-395E834F60D5}.Debug|iPhone.ActiveCfg = Debug|Any CPU
		{7D7D0641-6748-45A9-9AE2-395E834F60D5}.Debug|iPhone.Build.0 = Debug|Any CPU
		{7D7D0641-6748-45A9-9AE2-395E834F60D5}.Debug|iPhoneSimulator.ActiveCfg = Debug|Any CPU
		{7D7D0641-6748-45A9-9AE2-395E834F60D5}.Debug|iPhoneSimulator.Build.0 = Debug|Any CPU
		{7D7D0641-6748-45A9-9AE2-395E834F60D5}.Debug|x64.ActiveCfg = Debug|Any CPU
		{7D7D0641-6748-45A9-9AE2-395E834F60D5}.Debug|x64.Build.0 = Debug|Any CPU
		{7D7D0641-6748-45A9-9AE2-395E834F60D5}.Debug|x86.ActiveCfg = Debug|Any CPU
		{7D7D0641-6748-45A9-9AE2-395E834F60D5}.Debug|x86.Build.0 = Debug|Any CPU
		{7D7D0641-6748-45A9-9AE2-395E834F60D5}.Release|Any CPU.ActiveCfg = Release|Any CPU
		{7D7D0641-6748-45A9-9AE2-395E834F60D5}.Release|Any CPU.Build.0 = Release|Any CPU
		{7D7D0641-6748-45A9-9AE2-395E834F60D5}.Release|ARM.ActiveCfg = Release|Any CPU
		{7D7D0641-6748-45A9-9AE2-395E834F60D5}.Release|ARM.Build.0 = Release|Any CPU
		{7D7D0641-6748-45A9-9AE2-395E834F60D5}.Release|iPhone.ActiveCfg = Release|Any CPU
		{7D7D0641-6748-45A9-9AE2-395E834F60D5}.Release|iPhone.Build.0 = Release|Any CPU
		{7D7D0641-6748-45A9-9AE2-395E834F60D5}.Release|iPhoneSimulator.ActiveCfg = Release|Any CPU
		{7D7D0641-6748-45A9-9AE2-395E834F60D5}.Release|iPhoneSimulator.Build.0 = Release|Any CPU
		{7D7D0641-6748-45A9-9AE2-395E834F60D5}.Release|x64.ActiveCfg = Release|Any CPU
		{7D7D0641-6748-45A9-9AE2-395E834F60D5}.Release|x64.Build.0 = Release|Any CPU
		{7D7D0641-6748-45A9-9AE2-395E834F60D5}.Release|x86.ActiveCfg = Release|Any CPU
		{7D7D0641-6748-45A9-9AE2-395E834F60D5}.Release|x86.Build.0 = Release|Any CPU
	EndGlobalSection
	GlobalSection(SolutionProperties) = preSolution
		HideSolutionNode = FALSE
	EndGlobalSection
	GlobalSection(NestedProjects) = preSolution
		{4FE36C80-6F69-4849-9E2F-95C9C4B14533} = {5C0448D4-A4C8-4A13-A39C-D78A3AB57E2F}
		{63316D65-6A85-4323-9FE3-1576305878A0} = {5C0448D4-A4C8-4A13-A39C-D78A3AB57E2F}
		{1C8C8F65-FF26-4195-9202-75E3274A8F29} = {183DF1C7-649D-4875-A336-8F5D17B09E58}
		{CD843C15-CC82-4CF4-8650-49BCF8D45CCD} = {183DF1C7-649D-4875-A336-8F5D17B09E58}
		{66451480-DAB2-463C-ACEB-C6ED46C33382} = {183DF1C7-649D-4875-A336-8F5D17B09E58}
		{D2629604-54AA-4566-B0C3-FA867D786B89} = {1062879B-E29E-482D-8317-7E5538F52645}
		{7D7D0641-6748-45A9-9AE2-395E834F60D5} = {DF2E42B5-5DA3-47FF-8D1F-3625B05B3204}
	EndGlobalSection
	GlobalSection(ExtensibilityGlobals) = postSolution
		SolutionGuid = {3F64F0A3-5CD0-44AB-A2E7-D2A2AD801C8A}
	EndGlobalSection
EndGlobal
