
Microsoft Visual Studio Solution File, Format Version 12.00
# Visual Studio 15
VisualStudioVersion = 15.0.27130.2036
MinimumVisualStudioVersion = 10.0.40219.1
Project("{2150E333-8FDC-42A3-9474-1A3956D46DE8}") = "01_CancellationSample", "01_CancellationSample", "{5C0448D4-A4C8-4A13-A39C-D78A3AB57E2F}"
EndProject
Project("{2150E333-8FDC-42A3-9474-1A3956D46DE8}") = "02_WebSocket_DotNetStandard", "02_WebSocket_DotNetStandard", "{183DF1C7-649D-4875-A336-8F5D17B09E58}"
EndProject
Project("{2150E333-8FDC-42A3-9474-1A3956D46DE8}") = "03_CSharp8NullableReferenceTypes", "03_CSharp8NullableReferenceTypes", "{1062879B-E29E-482D-8317-7E5538F52645}"
EndProject
Project("{2150E333-8FDC-42A3-9474-1A3956D46DE8}") = "04_CSharp_CovarianceAndContravariance", "04_CSharp_CovarianceAndContravariance", "{DF2E42B5-5DA3-47FF-8D1F-3625B05B3204}"
EndProject
Project("{2150E333-8FDC-42A3-9474-1A3956D46DE8}") = "05_BenchmarkDotNet", "05_BenchmarkDotNet", "{D4186E5A-52F6-4183-BFFB-8A370C8E8923}"
EndProject
Project("{2150E333-8FDC-42A3-9474-1A3956D46DE8}") = "06_AspNetCore_SocialLogin", "06_AspNetCore_SocialLogin", "{0989AD47-5DE1-4DE7-91CF-DCEA10384805}"
EndProject
Project("{2150E333-8FDC-42A3-9474-1A3956D46DE8}") = "07_Fsharp", "07_Fsharp", "{E26431D4-194B-4BFB-8355-3F8FB3677DFC}"
EndProject
Project("{2150E333-8FDC-42A3-9474-1A3956D46DE8}") = "08_SignalRCore", "08_SignalRCore", "{028DA887-D810-45F3-B280-EA53822022CD}"
EndProject
Project("{2150E333-8FDC-42A3-9474-1A3956D46DE8}") = "09_Blazor", "09_Blazor", "{D8919FD4-3C8B-4C93-A41D-68350341909A}"
	ProjectSection(SolutionItems) = preProject
		09_Blazor\readme.txt = 09_Blazor\readme.txt
	EndProjectSection
EndProject
Project("{2150E333-8FDC-42A3-9474-1A3956D46DE8}") = "10_AspNetCoreDocker", "10_AspNetCoreDocker", "{0F4CD670-7875-4DA6-BB6A-ABFDB26B1D29}"
EndProject
Project("{9A19103F-16F7-4668-BE54-9A1E7A4F7556}") = "DockerSample", "10_AspNetCoreDocker\DockerSample\DockerSample.csproj", "{0F1EB413-7309-4F12-AA4D-895BD7E54C66}"
EndProject
Project("{2150E333-8FDC-42A3-9474-1A3956D46DE8}") = "11_Vectorization_Simd", "11_Vectorization_Simd", "{22BAC6EC-DF6F-4136-9AB4-5D4CB2335F50}"
EndProject
Project("{9A19103F-16F7-4668-BE54-9A1E7A4F7556}") = "Simd_Sample1", "11_Vectorization_Simd\Simd_Sample1\Simd_Sample1.csproj", "{27D90D5D-BB02-47DF-BB6B-F82F7AAD3C00}"
EndProject
Project("{2150E333-8FDC-42A3-9474-1A3956D46DE8}") = "12_ANCM_AspNetCore21", "12_ANCM_AspNetCore21", "{04E0D847-2DE8-4D0A-8233-39929A445E68}"
EndProject
Project("{9A19103F-16F7-4668-BE54-9A1E7A4F7556}") = "ANCM_Sample", "12_ANCM_AspNetCore21\ANCM_Sample\ANCM_Sample.csproj", "{FDC97D70-CE4D-440A-B6EF-10C41573B063}"
EndProject
Project("{2150E333-8FDC-42A3-9474-1A3956D46DE8}") = "13_CsStructLayout", "13_CsStructLayout", "{EBF7F279-88CC-436F-9203-EA76C449A2A5}"
EndProject
Project("{9A19103F-16F7-4668-BE54-9A1E7A4F7556}") = "StructLayoutSample", "13_CsStructLayout\StructLayoutSample\StructLayoutSample.csproj", "{85F1CCEC-1D27-47C3-B3D2-BCF909D50DD1}"
EndProject
Project("{FAE04EC0-301F-11D3-BF4B-00C04F79EFBC}") = "01_CancellationSample_After", "01_CancellationSample\01_CancellationSample_After\01_CancellationSample_After.csproj", "{63316D65-6A85-4323-9FE3-1576305878A0}"
EndProject
Project("{FAE04EC0-301F-11D3-BF4B-00C04F79EFBC}") = "01_CancellationSample_Before", "01_CancellationSample\01_CancellationSample_Before\01_CancellationSample_Before.csproj", "{4FE36C80-6F69-4849-9E2F-95C9C4B14533}"
EndProject
Project("{FAE04EC0-301F-11D3-BF4B-00C04F79EFBC}") = "02_BitcoinTracker.iOS", "02_WebSocket_DotNetStandard\02_BitcoinTracker.iOS\02_BitcoinTracker.iOS.csproj", "{66451480-DAB2-463C-ACEB-C6ED46C33382}"
EndProject
Project("{FAE04EC0-301F-11D3-BF4B-00C04F79EFBC}") = "02_BitcoinTracker.Uwp", "02_WebSocket_DotNetStandard\02_BitcoinTracker.Uwp\02_BitcoinTracker.Uwp.csproj", "{CD843C15-CC82-4CF4-8650-49BCF8D45CCD}"
EndProject
Project("{9A19103F-16F7-4668-BE54-9A1E7A4F7556}") = "02_CryptoDataSourceLib", "02_WebSocket_DotNetStandard\02_CryptoDataSourceLib\02_CryptoDataSourceLib.csproj", "{B81416F3-ACD5-45C4-9F4E-72CB47ED0018}"
EndProject
Project("{FAE04EC0-301F-11D3-BF4B-00C04F79EFBC}") = "Cs8NullableReferenceTypes", "03_CSharp8NullableReferenceTypes\Cs8NullableReferenceTypes\Cs8NullableReferenceTypes.csproj", "{D2629604-54AA-4566-B0C3-FA867D786B89}"
EndProject
Project("{9A19103F-16F7-4668-BE54-9A1E7A4F7556}") = "CovarianceAndContravarianceSample", "04_CSharp_CovarianceAndContravariance\CovarianceAndContravarianceSample\CovarianceAndContravarianceSample.csproj", "{F6FA6E0D-D2F2-4DBF-86C8-57682DD6AAA5}"
EndProject
Project("{9A19103F-16F7-4668-BE54-9A1E7A4F7556}") = "BenchmarkingLib", "05_BenchmarkDotNet\BenchmarkingLib\BenchmarkingLib.csproj", "{BD0E4471-BCF9-461B-89F2-6F3B36891AC6}"
EndProject
Project("{9A19103F-16F7-4668-BE54-9A1E7A4F7556}") = "LibToBenchmark", "05_BenchmarkDotNet\LibToBenchMark\LibToBenchmark.csproj", "{4367A9C3-24D9-4862-AFFD-8BDB87D07702}"
EndProject
Project("{9A19103F-16F7-4668-BE54-9A1E7A4F7556}") = "AspNetCore_SocialLogin", "06_AspNetCore_SocialLogin\AspNetCore_SocialLogin\AspNetCore_SocialLogin.csproj", "{19185A86-702F-4E3B-BCCF-839F914BFA17}"
EndProject
Project("{6EC3EE1D-3C4E-46DD-8F32-0CC8E7565705}") = "StockAnalyticsLib", "07_Fsharp\StockAnalyticsLib\StockAnalyticsLib.fsproj", "{6C188AD1-FF5D-48A0-81A6-7738BBCA0032}"
EndProject
Project("{9A19103F-16F7-4668-BE54-9A1E7A4F7556}") = "CsharpAppUsingFsharpLib", "07_Fsharp\CsharpAppUsingFsharpLib\CsharpAppUsingFsharpLib.csproj", "{DD9170A2-0776-404A-82CB-EE0E280D3D03}"
EndProject
Project("{9A19103F-16F7-4668-BE54-9A1E7A4F7556}") = "SignalRDemo", "08_SignalRCore\SignalRDemo\SignalRDemo.csproj", "{AA117B19-C9BC-487E-AD65-90796BA37C6A}"
EndProject
Project("{FAE04EC0-301F-11D3-BF4B-00C04F79EFBC}") = "SignalRClient", "08_SignalRCore\SignalRClient\SignalRClient.csproj", "{4D571F26-BE38-4F6F-99A3-65AB7F8BAEAF}"
EndProject
Project("{2150E333-8FDC-42A3-9474-1A3956D46DE8}") = "14_CsExceptionFilter", "14_CsExceptionFilter", "{98B6B426-A110-4327-B871-B45B7109B98A}"
EndProject
Project("{9A19103F-16F7-4668-BE54-9A1E7A4F7556}") = "CsExceptionFilterSample_01", "14_CsExceptionFilter\CsExceptionFilterSample_01\CsExceptionFilterSample_01.csproj", "{BFDE7980-8A6D-437A-AA4B-534ED0636469}"
EndProject
Project("{FAE04EC0-301F-11D3-BF4B-00C04F79EFBC}") = "CsExceptionFilterSample02_FullFramework", "14_CsExceptionFilter\CsExceptionFilterSample_FullFramework_02\CsExceptionFilterSample02_FullFramework.csproj", "{5AF2EFB9-343D-4A60-853C-DA213B7A61CE}"
EndProject
Project("{9A19103F-16F7-4668-BE54-9A1E7A4F7556}") = "FilterVsCatchBlockBenchmark_03", "14_CsExceptionFilter\FilterVsCatchBlockBenchmark_03\FilterVsCatchBlockBenchmark_03.csproj", "{5DAC3F5C-66FA-4A5D-A9C3-3DD1E12519E6}"
EndProject
Project("{E53339B2-1760-4266-BCC7-CA923CBCF16C}") = "docker-compose", "docker-compose.dcproj", "{61BE99CE-ED87-4822-887F-72E8D7645911}"
EndProject
Project("{2150E333-8FDC-42A3-9474-1A3956D46DE8}") = "15_AWS", "15_AWS", "{D538D941-E713-4C95-944F-032729C1BABA}"
EndProject
Project("{9A19103F-16F7-4668-BE54-9A1E7A4F7556}") = "SchnitzelOrNotLambda", "15_AWS\SchnitzelOrNotLambda\SchnitzelOrNotLambda.csproj", "{4A1E09F6-82B3-47F6-9A54-346686CE4B5A}"
EndProject
Project("{9A19103F-16F7-4668-BE54-9A1E7A4F7556}") = "SchnitzelOrNotClient", "15_AWS\SchnitzelOrNotClient\SchnitzelOrNotClient.csproj", "{74CE5184-95EC-42E0-BA97-6B61EA07EAA6}"
EndProject
Project("{FAE04EC0-301F-11D3-BF4B-00C04F79EFBC}") = "SchnitzelOrNot.iOS", "15_AWS\SchnitzelOrNot.iOS\SchnitzelOrNot.iOS.csproj", "{CCC1E8AC-4F8B-42D2-AC0B-06929A7ED238}"
EndProject
Project("{FAE04EC0-301F-11D3-BF4B-00C04F79EFBC}") = "TestConsoleApp", "15_AWS\TestConsoleApp\TestConsoleApp.csproj", "{05832006-5396-4D72-B81D-DAB46337664A}"
EndProject
Project("{FAE04EC0-301F-11D3-BF4B-00C04F79EFBC}") = "SchnitzelOrNot.Uwp", "15_AWS\UwpSample\SchnitzelOrNot.Uwp.csproj", "{7A1DCB9A-BEC4-4D9A-8AD6-232226DA5D9A}"
EndProject
Global
	GlobalSection(SolutionConfigurationPlatforms) = preSolution
		Debug|Any CPU = Debug|Any CPU
		Debug|ARM = Debug|ARM
		Debug|iPhone = Debug|iPhone
		Debug|iPhoneSimulator = Debug|iPhoneSimulator
		Debug|x64 = Debug|x64
		Debug|x86 = Debug|x86
		Release|Any CPU = Release|Any CPU
		Release|ARM = Release|ARM
		Release|iPhone = Release|iPhone
		Release|iPhoneSimulator = Release|iPhoneSimulator
		Release|x64 = Release|x64
		Release|x86 = Release|x86
	EndGlobalSection
	GlobalSection(ProjectConfigurationPlatforms) = postSolution
		{0F1EB413-7309-4F12-AA4D-895BD7E54C66}.Debug|Any CPU.ActiveCfg = Debug|Any CPU
		{0F1EB413-7309-4F12-AA4D-895BD7E54C66}.Debug|Any CPU.Build.0 = Debug|Any CPU
		{0F1EB413-7309-4F12-AA4D-895BD7E54C66}.Debug|ARM.ActiveCfg = Debug|Any CPU
		{0F1EB413-7309-4F12-AA4D-895BD7E54C66}.Debug|ARM.Build.0 = Debug|Any CPU
		{0F1EB413-7309-4F12-AA4D-895BD7E54C66}.Debug|iPhone.ActiveCfg = Debug|Any CPU
		{0F1EB413-7309-4F12-AA4D-895BD7E54C66}.Debug|iPhone.Build.0 = Debug|Any CPU
		{0F1EB413-7309-4F12-AA4D-895BD7E54C66}.Debug|iPhoneSimulator.ActiveCfg = Debug|Any CPU
		{0F1EB413-7309-4F12-AA4D-895BD7E54C66}.Debug|iPhoneSimulator.Build.0 = Debug|Any CPU
		{0F1EB413-7309-4F12-AA4D-895BD7E54C66}.Debug|x64.ActiveCfg = Debug|Any CPU
		{0F1EB413-7309-4F12-AA4D-895BD7E54C66}.Debug|x64.Build.0 = Debug|Any CPU
		{0F1EB413-7309-4F12-AA4D-895BD7E54C66}.Debug|x86.ActiveCfg = Debug|Any CPU
		{0F1EB413-7309-4F12-AA4D-895BD7E54C66}.Debug|x86.Build.0 = Debug|Any CPU
		{0F1EB413-7309-4F12-AA4D-895BD7E54C66}.Release|Any CPU.ActiveCfg = Release|Any CPU
		{0F1EB413-7309-4F12-AA4D-895BD7E54C66}.Release|Any CPU.Build.0 = Release|Any CPU
		{0F1EB413-7309-4F12-AA4D-895BD7E54C66}.Release|ARM.ActiveCfg = Release|Any CPU
		{0F1EB413-7309-4F12-AA4D-895BD7E54C66}.Release|ARM.Build.0 = Release|Any CPU
		{0F1EB413-7309-4F12-AA4D-895BD7E54C66}.Release|iPhone.ActiveCfg = Release|Any CPU
		{0F1EB413-7309-4F12-AA4D-895BD7E54C66}.Release|iPhone.Build.0 = Release|Any CPU
		{0F1EB413-7309-4F12-AA4D-895BD7E54C66}.Release|iPhoneSimulator.ActiveCfg = Release|Any CPU
		{0F1EB413-7309-4F12-AA4D-895BD7E54C66}.Release|iPhoneSimulator.Build.0 = Release|Any CPU
		{0F1EB413-7309-4F12-AA4D-895BD7E54C66}.Release|x64.ActiveCfg = Release|Any CPU
		{0F1EB413-7309-4F12-AA4D-895BD7E54C66}.Release|x64.Build.0 = Release|Any CPU
		{0F1EB413-7309-4F12-AA4D-895BD7E54C66}.Release|x86.ActiveCfg = Release|Any CPU
		{0F1EB413-7309-4F12-AA4D-895BD7E54C66}.Release|x86.Build.0 = Release|Any CPU
		{27D90D5D-BB02-47DF-BB6B-F82F7AAD3C00}.Debug|Any CPU.ActiveCfg = Debug|Any CPU
		{27D90D5D-BB02-47DF-BB6B-F82F7AAD3C00}.Debug|Any CPU.Build.0 = Debug|Any CPU
		{27D90D5D-BB02-47DF-BB6B-F82F7AAD3C00}.Debug|ARM.ActiveCfg = Debug|Any CPU
		{27D90D5D-BB02-47DF-BB6B-F82F7AAD3C00}.Debug|ARM.Build.0 = Debug|Any CPU
		{27D90D5D-BB02-47DF-BB6B-F82F7AAD3C00}.Debug|iPhone.ActiveCfg = Debug|Any CPU
		{27D90D5D-BB02-47DF-BB6B-F82F7AAD3C00}.Debug|iPhone.Build.0 = Debug|Any CPU
		{27D90D5D-BB02-47DF-BB6B-F82F7AAD3C00}.Debug|iPhoneSimulator.ActiveCfg = Debug|Any CPU
		{27D90D5D-BB02-47DF-BB6B-F82F7AAD3C00}.Debug|iPhoneSimulator.Build.0 = Debug|Any CPU
		{27D90D5D-BB02-47DF-BB6B-F82F7AAD3C00}.Debug|x64.ActiveCfg = Debug|Any CPU
		{27D90D5D-BB02-47DF-BB6B-F82F7AAD3C00}.Debug|x64.Build.0 = Debug|Any CPU
		{27D90D5D-BB02-47DF-BB6B-F82F7AAD3C00}.Debug|x86.ActiveCfg = Debug|Any CPU
		{27D90D5D-BB02-47DF-BB6B-F82F7AAD3C00}.Debug|x86.Build.0 = Debug|Any CPU
		{27D90D5D-BB02-47DF-BB6B-F82F7AAD3C00}.Release|Any CPU.ActiveCfg = Release|Any CPU
		{27D90D5D-BB02-47DF-BB6B-F82F7AAD3C00}.Release|Any CPU.Build.0 = Release|Any CPU
		{27D90D5D-BB02-47DF-BB6B-F82F7AAD3C00}.Release|ARM.ActiveCfg = Release|Any CPU
		{27D90D5D-BB02-47DF-BB6B-F82F7AAD3C00}.Release|ARM.Build.0 = Release|Any CPU
		{27D90D5D-BB02-47DF-BB6B-F82F7AAD3C00}.Release|iPhone.ActiveCfg = Release|Any CPU
		{27D90D5D-BB02-47DF-BB6B-F82F7AAD3C00}.Release|iPhone.Build.0 = Release|Any CPU
		{27D90D5D-BB02-47DF-BB6B-F82F7AAD3C00}.Release|iPhoneSimulator.ActiveCfg = Release|Any CPU
		{27D90D5D-BB02-47DF-BB6B-F82F7AAD3C00}.Release|iPhoneSimulator.Build.0 = Release|Any CPU
		{27D90D5D-BB02-47DF-BB6B-F82F7AAD3C00}.Release|x64.ActiveCfg = Release|Any CPU
		{27D90D5D-BB02-47DF-BB6B-F82F7AAD3C00}.Release|x64.Build.0 = Release|Any CPU
		{27D90D5D-BB02-47DF-BB6B-F82F7AAD3C00}.Release|x86.ActiveCfg = Release|Any CPU
		{27D90D5D-BB02-47DF-BB6B-F82F7AAD3C00}.Release|x86.Build.0 = Release|Any CPU
		{FDC97D70-CE4D-440A-B6EF-10C41573B063}.Debug|Any CPU.ActiveCfg = Debug|Any CPU
		{FDC97D70-CE4D-440A-B6EF-10C41573B063}.Debug|Any CPU.Build.0 = Debug|Any CPU
		{FDC97D70-CE4D-440A-B6EF-10C41573B063}.Debug|ARM.ActiveCfg = Debug|Any CPU
		{FDC97D70-CE4D-440A-B6EF-10C41573B063}.Debug|ARM.Build.0 = Debug|Any CPU
		{FDC97D70-CE4D-440A-B6EF-10C41573B063}.Debug|iPhone.ActiveCfg = Debug|Any CPU
		{FDC97D70-CE4D-440A-B6EF-10C41573B063}.Debug|iPhone.Build.0 = Debug|Any CPU
		{FDC97D70-CE4D-440A-B6EF-10C41573B063}.Debug|iPhoneSimulator.ActiveCfg = Debug|Any CPU
		{FDC97D70-CE4D-440A-B6EF-10C41573B063}.Debug|iPhoneSimulator.Build.0 = Debug|Any CPU
		{FDC97D70-CE4D-440A-B6EF-10C41573B063}.Debug|x64.ActiveCfg = Debug|Any CPU
		{FDC97D70-CE4D-440A-B6EF-10C41573B063}.Debug|x64.Build.0 = Debug|Any CPU
		{FDC97D70-CE4D-440A-B6EF-10C41573B063}.Debug|x86.ActiveCfg = Debug|Any CPU
		{FDC97D70-CE4D-440A-B6EF-10C41573B063}.Debug|x86.Build.0 = Debug|Any CPU
		{FDC97D70-CE4D-440A-B6EF-10C41573B063}.Release|Any CPU.ActiveCfg = Release|Any CPU
		{FDC97D70-CE4D-440A-B6EF-10C41573B063}.Release|Any CPU.Build.0 = Release|Any CPU
		{FDC97D70-CE4D-440A-B6EF-10C41573B063}.Release|ARM.ActiveCfg = Release|Any CPU
		{FDC97D70-CE4D-440A-B6EF-10C41573B063}.Release|ARM.Build.0 = Release|Any CPU
		{FDC97D70-CE4D-440A-B6EF-10C41573B063}.Release|iPhone.ActiveCfg = Release|Any CPU
		{FDC97D70-CE4D-440A-B6EF-10C41573B063}.Release|iPhone.Build.0 = Release|Any CPU
		{FDC97D70-CE4D-440A-B6EF-10C41573B063}.Release|iPhoneSimulator.ActiveCfg = Release|Any CPU
		{FDC97D70-CE4D-440A-B6EF-10C41573B063}.Release|iPhoneSimulator.Build.0 = Release|Any CPU
		{FDC97D70-CE4D-440A-B6EF-10C41573B063}.Release|x64.ActiveCfg = Release|Any CPU
		{FDC97D70-CE4D-440A-B6EF-10C41573B063}.Release|x64.Build.0 = Release|Any CPU
		{FDC97D70-CE4D-440A-B6EF-10C41573B063}.Release|x86.ActiveCfg = Release|Any CPU
		{FDC97D70-CE4D-440A-B6EF-10C41573B063}.Release|x86.Build.0 = Release|Any CPU
		{85F1CCEC-1D27-47C3-B3D2-BCF909D50DD1}.Debug|Any CPU.ActiveCfg = Debug|Any CPU
		{85F1CCEC-1D27-47C3-B3D2-BCF909D50DD1}.Debug|Any CPU.Build.0 = Debug|Any CPU
		{85F1CCEC-1D27-47C3-B3D2-BCF909D50DD1}.Debug|ARM.ActiveCfg = Debug|Any CPU
		{85F1CCEC-1D27-47C3-B3D2-BCF909D50DD1}.Debug|ARM.Build.0 = Debug|Any CPU
		{85F1CCEC-1D27-47C3-B3D2-BCF909D50DD1}.Debug|iPhone.ActiveCfg = Debug|Any CPU
		{85F1CCEC-1D27-47C3-B3D2-BCF909D50DD1}.Debug|iPhone.Build.0 = Debug|Any CPU
		{85F1CCEC-1D27-47C3-B3D2-BCF909D50DD1}.Debug|iPhoneSimulator.ActiveCfg = Debug|Any CPU
		{85F1CCEC-1D27-47C3-B3D2-BCF909D50DD1}.Debug|iPhoneSimulator.Build.0 = Debug|Any CPU
		{85F1CCEC-1D27-47C3-B3D2-BCF909D50DD1}.Debug|x64.ActiveCfg = Debug|Any CPU
		{85F1CCEC-1D27-47C3-B3D2-BCF909D50DD1}.Debug|x64.Build.0 = Debug|Any CPU
		{85F1CCEC-1D27-47C3-B3D2-BCF909D50DD1}.Debug|x86.ActiveCfg = Debug|Any CPU
		{85F1CCEC-1D27-47C3-B3D2-BCF909D50DD1}.Debug|x86.Build.0 = Debug|Any CPU
		{85F1CCEC-1D27-47C3-B3D2-BCF909D50DD1}.Release|Any CPU.ActiveCfg = Release|Any CPU
		{85F1CCEC-1D27-47C3-B3D2-BCF909D50DD1}.Release|Any CPU.Build.0 = Release|Any CPU
		{85F1CCEC-1D27-47C3-B3D2-BCF909D50DD1}.Release|ARM.ActiveCfg = Release|Any CPU
		{85F1CCEC-1D27-47C3-B3D2-BCF909D50DD1}.Release|ARM.Build.0 = Release|Any CPU
		{85F1CCEC-1D27-47C3-B3D2-BCF909D50DD1}.Release|iPhone.ActiveCfg = Release|Any CPU
		{85F1CCEC-1D27-47C3-B3D2-BCF909D50DD1}.Release|iPhone.Build.0 = Release|Any CPU
		{85F1CCEC-1D27-47C3-B3D2-BCF909D50DD1}.Release|iPhoneSimulator.ActiveCfg = Release|Any CPU
		{85F1CCEC-1D27-47C3-B3D2-BCF909D50DD1}.Release|iPhoneSimulator.Build.0 = Release|Any CPU
		{85F1CCEC-1D27-47C3-B3D2-BCF909D50DD1}.Release|x64.ActiveCfg = Release|Any CPU
		{85F1CCEC-1D27-47C3-B3D2-BCF909D50DD1}.Release|x64.Build.0 = Release|Any CPU
		{85F1CCEC-1D27-47C3-B3D2-BCF909D50DD1}.Release|x86.ActiveCfg = Release|Any CPU
		{85F1CCEC-1D27-47C3-B3D2-BCF909D50DD1}.Release|x86.Build.0 = Release|Any CPU
		{63316D65-6A85-4323-9FE3-1576305878A0}.Debug|Any CPU.ActiveCfg = Debug|x86
		{63316D65-6A85-4323-9FE3-1576305878A0}.Debug|ARM.ActiveCfg = Debug|ARM
		{63316D65-6A85-4323-9FE3-1576305878A0}.Debug|ARM.Build.0 = Debug|ARM
		{63316D65-6A85-4323-9FE3-1576305878A0}.Debug|ARM.Deploy.0 = Debug|ARM
		{63316D65-6A85-4323-9FE3-1576305878A0}.Debug|iPhone.ActiveCfg = Debug|x86
		{63316D65-6A85-4323-9FE3-1576305878A0}.Debug|iPhoneSimulator.ActiveCfg = Debug|x86
		{63316D65-6A85-4323-9FE3-1576305878A0}.Debug|x64.ActiveCfg = Debug|x64
		{63316D65-6A85-4323-9FE3-1576305878A0}.Debug|x64.Build.0 = Debug|x64
		{63316D65-6A85-4323-9FE3-1576305878A0}.Debug|x64.Deploy.0 = Debug|x64
		{63316D65-6A85-4323-9FE3-1576305878A0}.Debug|x86.ActiveCfg = Debug|x86
		{63316D65-6A85-4323-9FE3-1576305878A0}.Debug|x86.Build.0 = Debug|x86
		{63316D65-6A85-4323-9FE3-1576305878A0}.Debug|x86.Deploy.0 = Debug|x86
		{63316D65-6A85-4323-9FE3-1576305878A0}.Release|Any CPU.ActiveCfg = Release|x86
		{63316D65-6A85-4323-9FE3-1576305878A0}.Release|ARM.ActiveCfg = Release|ARM
		{63316D65-6A85-4323-9FE3-1576305878A0}.Release|ARM.Build.0 = Release|ARM
		{63316D65-6A85-4323-9FE3-1576305878A0}.Release|ARM.Deploy.0 = Release|ARM
		{63316D65-6A85-4323-9FE3-1576305878A0}.Release|iPhone.ActiveCfg = Release|x86
		{63316D65-6A85-4323-9FE3-1576305878A0}.Release|iPhoneSimulator.ActiveCfg = Release|x86
		{63316D65-6A85-4323-9FE3-1576305878A0}.Release|x64.ActiveCfg = Release|x64
		{63316D65-6A85-4323-9FE3-1576305878A0}.Release|x64.Build.0 = Release|x64
		{63316D65-6A85-4323-9FE3-1576305878A0}.Release|x64.Deploy.0 = Release|x64
		{63316D65-6A85-4323-9FE3-1576305878A0}.Release|x86.ActiveCfg = Release|x86
		{63316D65-6A85-4323-9FE3-1576305878A0}.Release|x86.Build.0 = Release|x86
		{63316D65-6A85-4323-9FE3-1576305878A0}.Release|x86.Deploy.0 = Release|x86
		{4FE36C80-6F69-4849-9E2F-95C9C4B14533}.Debug|Any CPU.ActiveCfg = Debug|x86
		{4FE36C80-6F69-4849-9E2F-95C9C4B14533}.Debug|ARM.ActiveCfg = Debug|ARM
		{4FE36C80-6F69-4849-9E2F-95C9C4B14533}.Debug|ARM.Build.0 = Debug|ARM
		{4FE36C80-6F69-4849-9E2F-95C9C4B14533}.Debug|ARM.Deploy.0 = Debug|ARM
		{4FE36C80-6F69-4849-9E2F-95C9C4B14533}.Debug|iPhone.ActiveCfg = Debug|x86
		{4FE36C80-6F69-4849-9E2F-95C9C4B14533}.Debug|iPhoneSimulator.ActiveCfg = Debug|x86
		{4FE36C80-6F69-4849-9E2F-95C9C4B14533}.Debug|x64.ActiveCfg = Debug|x64
		{4FE36C80-6F69-4849-9E2F-95C9C4B14533}.Debug|x64.Build.0 = Debug|x64
		{4FE36C80-6F69-4849-9E2F-95C9C4B14533}.Debug|x64.Deploy.0 = Debug|x64
		{4FE36C80-6F69-4849-9E2F-95C9C4B14533}.Debug|x86.ActiveCfg = Debug|x86
		{4FE36C80-6F69-4849-9E2F-95C9C4B14533}.Debug|x86.Build.0 = Debug|x86
		{4FE36C80-6F69-4849-9E2F-95C9C4B14533}.Debug|x86.Deploy.0 = Debug|x86
		{4FE36C80-6F69-4849-9E2F-95C9C4B14533}.Release|Any CPU.ActiveCfg = Release|x86
		{4FE36C80-6F69-4849-9E2F-95C9C4B14533}.Release|ARM.ActiveCfg = Release|ARM
		{4FE36C80-6F69-4849-9E2F-95C9C4B14533}.Release|ARM.Build.0 = Release|ARM
		{4FE36C80-6F69-4849-9E2F-95C9C4B14533}.Release|ARM.Deploy.0 = Release|ARM
		{4FE36C80-6F69-4849-9E2F-95C9C4B14533}.Release|iPhone.ActiveCfg = Release|x86
		{4FE36C80-6F69-4849-9E2F-95C9C4B14533}.Release|iPhoneSimulator.ActiveCfg = Release|x86
		{4FE36C80-6F69-4849-9E2F-95C9C4B14533}.Release|x64.ActiveCfg = Release|x64
		{4FE36C80-6F69-4849-9E2F-95C9C4B14533}.Release|x64.Build.0 = Release|x64
		{4FE36C80-6F69-4849-9E2F-95C9C4B14533}.Release|x64.Deploy.0 = Release|x64
		{4FE36C80-6F69-4849-9E2F-95C9C4B14533}.Release|x86.ActiveCfg = Release|x86
		{4FE36C80-6F69-4849-9E2F-95C9C4B14533}.Release|x86.Build.0 = Release|x86
		{4FE36C80-6F69-4849-9E2F-95C9C4B14533}.Release|x86.Deploy.0 = Release|x86
		{66451480-DAB2-463C-ACEB-C6ED46C33382}.Debug|Any CPU.ActiveCfg = Debug|iPhone
		{66451480-DAB2-463C-ACEB-C6ED46C33382}.Debug|ARM.ActiveCfg = Debug|iPhone
		{66451480-DAB2-463C-ACEB-C6ED46C33382}.Debug|iPhone.ActiveCfg = Debug|iPhone
		{66451480-DAB2-463C-ACEB-C6ED46C33382}.Debug|iPhone.Build.0 = Debug|iPhone
		{66451480-DAB2-463C-ACEB-C6ED46C33382}.Debug|iPhoneSimulator.ActiveCfg = Debug|iPhoneSimulator
		{66451480-DAB2-463C-ACEB-C6ED46C33382}.Debug|iPhoneSimulator.Build.0 = Debug|iPhoneSimulator
		{66451480-DAB2-463C-ACEB-C6ED46C33382}.Debug|x64.ActiveCfg = Debug|iPhone
		{66451480-DAB2-463C-ACEB-C6ED46C33382}.Debug|x86.ActiveCfg = Debug|iPhone
		{66451480-DAB2-463C-ACEB-C6ED46C33382}.Release|Any CPU.ActiveCfg = Release|iPhone
		{66451480-DAB2-463C-ACEB-C6ED46C33382}.Release|ARM.ActiveCfg = Release|iPhone
		{66451480-DAB2-463C-ACEB-C6ED46C33382}.Release|iPhone.ActiveCfg = Release|iPhone
		{66451480-DAB2-463C-ACEB-C6ED46C33382}.Release|iPhone.Build.0 = Release|iPhone
		{66451480-DAB2-463C-ACEB-C6ED46C33382}.Release|iPhoneSimulator.ActiveCfg = Release|iPhoneSimulator
		{66451480-DAB2-463C-ACEB-C6ED46C33382}.Release|iPhoneSimulator.Build.0 = Release|iPhoneSimulator
		{66451480-DAB2-463C-ACEB-C6ED46C33382}.Release|x64.ActiveCfg = Release|iPhone
		{66451480-DAB2-463C-ACEB-C6ED46C33382}.Release|x86.ActiveCfg = Release|iPhone
		{CD843C15-CC82-4CF4-8650-49BCF8D45CCD}.Debug|Any CPU.ActiveCfg = Debug|x86
		{CD843C15-CC82-4CF4-8650-49BCF8D45CCD}.Debug|ARM.ActiveCfg = Debug|ARM
		{CD843C15-CC82-4CF4-8650-49BCF8D45CCD}.Debug|ARM.Build.0 = Debug|ARM
		{CD843C15-CC82-4CF4-8650-49BCF8D45CCD}.Debug|ARM.Deploy.0 = Debug|ARM
		{CD843C15-CC82-4CF4-8650-49BCF8D45CCD}.Debug|iPhone.ActiveCfg = Debug|x86
		{CD843C15-CC82-4CF4-8650-49BCF8D45CCD}.Debug|iPhoneSimulator.ActiveCfg = Debug|x86
		{CD843C15-CC82-4CF4-8650-49BCF8D45CCD}.Debug|x64.ActiveCfg = Debug|x64
		{CD843C15-CC82-4CF4-8650-49BCF8D45CCD}.Debug|x64.Build.0 = Debug|x64
		{CD843C15-CC82-4CF4-8650-49BCF8D45CCD}.Debug|x64.Deploy.0 = Debug|x64
		{CD843C15-CC82-4CF4-8650-49BCF8D45CCD}.Debug|x86.ActiveCfg = Debug|x86
		{CD843C15-CC82-4CF4-8650-49BCF8D45CCD}.Debug|x86.Build.0 = Debug|x86
		{CD843C15-CC82-4CF4-8650-49BCF8D45CCD}.Debug|x86.Deploy.0 = Debug|x86
		{CD843C15-CC82-4CF4-8650-49BCF8D45CCD}.Release|Any CPU.ActiveCfg = Release|x86
		{CD843C15-CC82-4CF4-8650-49BCF8D45CCD}.Release|ARM.ActiveCfg = Release|ARM
		{CD843C15-CC82-4CF4-8650-49BCF8D45CCD}.Release|ARM.Build.0 = Release|ARM
		{CD843C15-CC82-4CF4-8650-49BCF8D45CCD}.Release|ARM.Deploy.0 = Release|ARM
		{CD843C15-CC82-4CF4-8650-49BCF8D45CCD}.Release|iPhone.ActiveCfg = Release|x86
		{CD843C15-CC82-4CF4-8650-49BCF8D45CCD}.Release|iPhoneSimulator.ActiveCfg = Release|x86
		{CD843C15-CC82-4CF4-8650-49BCF8D45CCD}.Release|x64.ActiveCfg = Release|x64
		{CD843C15-CC82-4CF4-8650-49BCF8D45CCD}.Release|x64.Build.0 = Release|x64
		{CD843C15-CC82-4CF4-8650-49BCF8D45CCD}.Release|x64.Deploy.0 = Release|x64
		{CD843C15-CC82-4CF4-8650-49BCF8D45CCD}.Release|x86.ActiveCfg = Release|x86
		{CD843C15-CC82-4CF4-8650-49BCF8D45CCD}.Release|x86.Build.0 = Release|x86
		{CD843C15-CC82-4CF4-8650-49BCF8D45CCD}.Release|x86.Deploy.0 = Release|x86
		{B81416F3-ACD5-45C4-9F4E-72CB47ED0018}.Debug|Any CPU.ActiveCfg = Debug|Any CPU
		{B81416F3-ACD5-45C4-9F4E-72CB47ED0018}.Debug|Any CPU.Build.0 = Debug|Any CPU
		{B81416F3-ACD5-45C4-9F4E-72CB47ED0018}.Debug|ARM.ActiveCfg = Debug|Any CPU
		{B81416F3-ACD5-45C4-9F4E-72CB47ED0018}.Debug|ARM.Build.0 = Debug|Any CPU
		{B81416F3-ACD5-45C4-9F4E-72CB47ED0018}.Debug|iPhone.ActiveCfg = Debug|Any CPU
		{B81416F3-ACD5-45C4-9F4E-72CB47ED0018}.Debug|iPhone.Build.0 = Debug|Any CPU
		{B81416F3-ACD5-45C4-9F4E-72CB47ED0018}.Debug|iPhoneSimulator.ActiveCfg = Debug|Any CPU
		{B81416F3-ACD5-45C4-9F4E-72CB47ED0018}.Debug|iPhoneSimulator.Build.0 = Debug|Any CPU
		{B81416F3-ACD5-45C4-9F4E-72CB47ED0018}.Debug|x64.ActiveCfg = Debug|Any CPU
		{B81416F3-ACD5-45C4-9F4E-72CB47ED0018}.Debug|x64.Build.0 = Debug|Any CPU
		{B81416F3-ACD5-45C4-9F4E-72CB47ED0018}.Debug|x86.ActiveCfg = Debug|Any CPU
		{B81416F3-ACD5-45C4-9F4E-72CB47ED0018}.Debug|x86.Build.0 = Debug|Any CPU
		{B81416F3-ACD5-45C4-9F4E-72CB47ED0018}.Release|Any CPU.ActiveCfg = Release|Any CPU
		{B81416F3-ACD5-45C4-9F4E-72CB47ED0018}.Release|Any CPU.Build.0 = Release|Any CPU
		{B81416F3-ACD5-45C4-9F4E-72CB47ED0018}.Release|ARM.ActiveCfg = Release|Any CPU
		{B81416F3-ACD5-45C4-9F4E-72CB47ED0018}.Release|ARM.Build.0 = Release|Any CPU
		{B81416F3-ACD5-45C4-9F4E-72CB47ED0018}.Release|iPhone.ActiveCfg = Release|Any CPU
		{B81416F3-ACD5-45C4-9F4E-72CB47ED0018}.Release|iPhone.Build.0 = Release|Any CPU
		{B81416F3-ACD5-45C4-9F4E-72CB47ED0018}.Release|iPhoneSimulator.ActiveCfg = Release|Any CPU
		{B81416F3-ACD5-45C4-9F4E-72CB47ED0018}.Release|iPhoneSimulator.Build.0 = Release|Any CPU
		{B81416F3-ACD5-45C4-9F4E-72CB47ED0018}.Release|x64.ActiveCfg = Release|Any CPU
		{B81416F3-ACD5-45C4-9F4E-72CB47ED0018}.Release|x64.Build.0 = Release|Any CPU
		{B81416F3-ACD5-45C4-9F4E-72CB47ED0018}.Release|x86.ActiveCfg = Release|Any CPU
		{B81416F3-ACD5-45C4-9F4E-72CB47ED0018}.Release|x86.Build.0 = Release|Any CPU
		{D2629604-54AA-4566-B0C3-FA867D786B89}.Debug|Any CPU.ActiveCfg = Debug|Any CPU
		{D2629604-54AA-4566-B0C3-FA867D786B89}.Debug|Any CPU.Build.0 = Debug|Any CPU
		{D2629604-54AA-4566-B0C3-FA867D786B89}.Debug|ARM.ActiveCfg = Debug|Any CPU
		{D2629604-54AA-4566-B0C3-FA867D786B89}.Debug|ARM.Build.0 = Debug|Any CPU
		{D2629604-54AA-4566-B0C3-FA867D786B89}.Debug|iPhone.ActiveCfg = Debug|Any CPU
		{D2629604-54AA-4566-B0C3-FA867D786B89}.Debug|iPhone.Build.0 = Debug|Any CPU
		{D2629604-54AA-4566-B0C3-FA867D786B89}.Debug|iPhoneSimulator.ActiveCfg = Debug|Any CPU
		{D2629604-54AA-4566-B0C3-FA867D786B89}.Debug|iPhoneSimulator.Build.0 = Debug|Any CPU
		{D2629604-54AA-4566-B0C3-FA867D786B89}.Debug|x64.ActiveCfg = Debug|Any CPU
		{D2629604-54AA-4566-B0C3-FA867D786B89}.Debug|x64.Build.0 = Debug|Any CPU
		{D2629604-54AA-4566-B0C3-FA867D786B89}.Debug|x86.ActiveCfg = Debug|Any CPU
		{D2629604-54AA-4566-B0C3-FA867D786B89}.Debug|x86.Build.0 = Debug|Any CPU
		{D2629604-54AA-4566-B0C3-FA867D786B89}.Release|Any CPU.ActiveCfg = Release|Any CPU
		{D2629604-54AA-4566-B0C3-FA867D786B89}.Release|Any CPU.Build.0 = Release|Any CPU
		{D2629604-54AA-4566-B0C3-FA867D786B89}.Release|ARM.ActiveCfg = Release|Any CPU
		{D2629604-54AA-4566-B0C3-FA867D786B89}.Release|ARM.Build.0 = Release|Any CPU
		{D2629604-54AA-4566-B0C3-FA867D786B89}.Release|iPhone.ActiveCfg = Release|Any CPU
		{D2629604-54AA-4566-B0C3-FA867D786B89}.Release|iPhone.Build.0 = Release|Any CPU
		{D2629604-54AA-4566-B0C3-FA867D786B89}.Release|iPhoneSimulator.ActiveCfg = Release|Any CPU
		{D2629604-54AA-4566-B0C3-FA867D786B89}.Release|iPhoneSimulator.Build.0 = Release|Any CPU
		{D2629604-54AA-4566-B0C3-FA867D786B89}.Release|x64.ActiveCfg = Release|Any CPU
		{D2629604-54AA-4566-B0C3-FA867D786B89}.Release|x64.Build.0 = Release|Any CPU
		{D2629604-54AA-4566-B0C3-FA867D786B89}.Release|x86.ActiveCfg = Release|Any CPU
		{D2629604-54AA-4566-B0C3-FA867D786B89}.Release|x86.Build.0 = Release|Any CPU
		{F6FA6E0D-D2F2-4DBF-86C8-57682DD6AAA5}.Debug|Any CPU.ActiveCfg = Debug|Any CPU
		{F6FA6E0D-D2F2-4DBF-86C8-57682DD6AAA5}.Debug|Any CPU.Build.0 = Debug|Any CPU
		{F6FA6E0D-D2F2-4DBF-86C8-57682DD6AAA5}.Debug|ARM.ActiveCfg = Debug|Any CPU
		{F6FA6E0D-D2F2-4DBF-86C8-57682DD6AAA5}.Debug|ARM.Build.0 = Debug|Any CPU
		{F6FA6E0D-D2F2-4DBF-86C8-57682DD6AAA5}.Debug|iPhone.ActiveCfg = Debug|Any CPU
		{F6FA6E0D-D2F2-4DBF-86C8-57682DD6AAA5}.Debug|iPhone.Build.0 = Debug|Any CPU
		{F6FA6E0D-D2F2-4DBF-86C8-57682DD6AAA5}.Debug|iPhoneSimulator.ActiveCfg = Debug|Any CPU
		{F6FA6E0D-D2F2-4DBF-86C8-57682DD6AAA5}.Debug|iPhoneSimulator.Build.0 = Debug|Any CPU
		{F6FA6E0D-D2F2-4DBF-86C8-57682DD6AAA5}.Debug|x64.ActiveCfg = Debug|Any CPU
		{F6FA6E0D-D2F2-4DBF-86C8-57682DD6AAA5}.Debug|x64.Build.0 = Debug|Any CPU
		{F6FA6E0D-D2F2-4DBF-86C8-57682DD6AAA5}.Debug|x86.ActiveCfg = Debug|Any CPU
		{F6FA6E0D-D2F2-4DBF-86C8-57682DD6AAA5}.Debug|x86.Build.0 = Debug|Any CPU
		{F6FA6E0D-D2F2-4DBF-86C8-57682DD6AAA5}.Release|Any CPU.ActiveCfg = Release|Any CPU
		{F6FA6E0D-D2F2-4DBF-86C8-57682DD6AAA5}.Release|Any CPU.Build.0 = Release|Any CPU
		{F6FA6E0D-D2F2-4DBF-86C8-57682DD6AAA5}.Release|ARM.ActiveCfg = Release|Any CPU
		{F6FA6E0D-D2F2-4DBF-86C8-57682DD6AAA5}.Release|ARM.Build.0 = Release|Any CPU
		{F6FA6E0D-D2F2-4DBF-86C8-57682DD6AAA5}.Release|iPhone.ActiveCfg = Release|Any CPU
		{F6FA6E0D-D2F2-4DBF-86C8-57682DD6AAA5}.Release|iPhone.Build.0 = Release|Any CPU
		{F6FA6E0D-D2F2-4DBF-86C8-57682DD6AAA5}.Release|iPhoneSimulator.ActiveCfg = Release|Any CPU
		{F6FA6E0D-D2F2-4DBF-86C8-57682DD6AAA5}.Release|iPhoneSimulator.Build.0 = Release|Any CPU
		{F6FA6E0D-D2F2-4DBF-86C8-57682DD6AAA5}.Release|x64.ActiveCfg = Release|Any CPU
		{F6FA6E0D-D2F2-4DBF-86C8-57682DD6AAA5}.Release|x64.Build.0 = Release|Any CPU
		{F6FA6E0D-D2F2-4DBF-86C8-57682DD6AAA5}.Release|x86.ActiveCfg = Release|Any CPU
		{F6FA6E0D-D2F2-4DBF-86C8-57682DD6AAA5}.Release|x86.Build.0 = Release|Any CPU
		{BD0E4471-BCF9-461B-89F2-6F3B36891AC6}.Debug|Any CPU.ActiveCfg = Debug|Any CPU
		{BD0E4471-BCF9-461B-89F2-6F3B36891AC6}.Debug|Any CPU.Build.0 = Debug|Any CPU
		{BD0E4471-BCF9-461B-89F2-6F3B36891AC6}.Debug|ARM.ActiveCfg = Debug|Any CPU
		{BD0E4471-BCF9-461B-89F2-6F3B36891AC6}.Debug|ARM.Build.0 = Debug|Any CPU
		{BD0E4471-BCF9-461B-89F2-6F3B36891AC6}.Debug|iPhone.ActiveCfg = Debug|Any CPU
		{BD0E4471-BCF9-461B-89F2-6F3B36891AC6}.Debug|iPhone.Build.0 = Debug|Any CPU
		{BD0E4471-BCF9-461B-89F2-6F3B36891AC6}.Debug|iPhoneSimulator.ActiveCfg = Debug|Any CPU
		{BD0E4471-BCF9-461B-89F2-6F3B36891AC6}.Debug|iPhoneSimulator.Build.0 = Debug|Any CPU
		{BD0E4471-BCF9-461B-89F2-6F3B36891AC6}.Debug|x64.ActiveCfg = Debug|Any CPU
		{BD0E4471-BCF9-461B-89F2-6F3B36891AC6}.Debug|x64.Build.0 = Debug|Any CPU
		{BD0E4471-BCF9-461B-89F2-6F3B36891AC6}.Debug|x86.ActiveCfg = Debug|Any CPU
		{BD0E4471-BCF9-461B-89F2-6F3B36891AC6}.Debug|x86.Build.0 = Debug|Any CPU
		{BD0E4471-BCF9-461B-89F2-6F3B36891AC6}.Release|Any CPU.ActiveCfg = Release|Any CPU
		{BD0E4471-BCF9-461B-89F2-6F3B36891AC6}.Release|Any CPU.Build.0 = Release|Any CPU
		{BD0E4471-BCF9-461B-89F2-6F3B36891AC6}.Release|ARM.ActiveCfg = Release|Any CPU
		{BD0E4471-BCF9-461B-89F2-6F3B36891AC6}.Release|ARM.Build.0 = Release|Any CPU
		{BD0E4471-BCF9-461B-89F2-6F3B36891AC6}.Release|iPhone.ActiveCfg = Release|Any CPU
		{BD0E4471-BCF9-461B-89F2-6F3B36891AC6}.Release|iPhone.Build.0 = Release|Any CPU
		{BD0E4471-BCF9-461B-89F2-6F3B36891AC6}.Release|iPhoneSimulator.ActiveCfg = Release|Any CPU
		{BD0E4471-BCF9-461B-89F2-6F3B36891AC6}.Release|iPhoneSimulator.Build.0 = Release|Any CPU
		{BD0E4471-BCF9-461B-89F2-6F3B36891AC6}.Release|x64.ActiveCfg = Release|Any CPU
		{BD0E4471-BCF9-461B-89F2-6F3B36891AC6}.Release|x64.Build.0 = Release|Any CPU
		{BD0E4471-BCF9-461B-89F2-6F3B36891AC6}.Release|x86.ActiveCfg = Release|Any CPU
		{BD0E4471-BCF9-461B-89F2-6F3B36891AC6}.Release|x86.Build.0 = Release|Any CPU
		{4367A9C3-24D9-4862-AFFD-8BDB87D07702}.Debug|Any CPU.ActiveCfg = Debug|Any CPU
		{4367A9C3-24D9-4862-AFFD-8BDB87D07702}.Debug|Any CPU.Build.0 = Debug|Any CPU
		{4367A9C3-24D9-4862-AFFD-8BDB87D07702}.Debug|ARM.ActiveCfg = Debug|Any CPU
		{4367A9C3-24D9-4862-AFFD-8BDB87D07702}.Debug|ARM.Build.0 = Debug|Any CPU
		{4367A9C3-24D9-4862-AFFD-8BDB87D07702}.Debug|iPhone.ActiveCfg = Debug|Any CPU
		{4367A9C3-24D9-4862-AFFD-8BDB87D07702}.Debug|iPhone.Build.0 = Debug|Any CPU
		{4367A9C3-24D9-4862-AFFD-8BDB87D07702}.Debug|iPhoneSimulator.ActiveCfg = Debug|Any CPU
		{4367A9C3-24D9-4862-AFFD-8BDB87D07702}.Debug|iPhoneSimulator.Build.0 = Debug|Any CPU
		{4367A9C3-24D9-4862-AFFD-8BDB87D07702}.Debug|x64.ActiveCfg = Debug|Any CPU
		{4367A9C3-24D9-4862-AFFD-8BDB87D07702}.Debug|x64.Build.0 = Debug|Any CPU
		{4367A9C3-24D9-4862-AFFD-8BDB87D07702}.Debug|x86.ActiveCfg = Debug|Any CPU
		{4367A9C3-24D9-4862-AFFD-8BDB87D07702}.Debug|x86.Build.0 = Debug|Any CPU
		{4367A9C3-24D9-4862-AFFD-8BDB87D07702}.Release|Any CPU.ActiveCfg = Release|Any CPU
		{4367A9C3-24D9-4862-AFFD-8BDB87D07702}.Release|Any CPU.Build.0 = Release|Any CPU
		{4367A9C3-24D9-4862-AFFD-8BDB87D07702}.Release|ARM.ActiveCfg = Release|Any CPU
		{4367A9C3-24D9-4862-AFFD-8BDB87D07702}.Release|ARM.Build.0 = Release|Any CPU
		{4367A9C3-24D9-4862-AFFD-8BDB87D07702}.Release|iPhone.ActiveCfg = Release|Any CPU
		{4367A9C3-24D9-4862-AFFD-8BDB87D07702}.Release|iPhone.Build.0 = Release|Any CPU
		{4367A9C3-24D9-4862-AFFD-8BDB87D07702}.Release|iPhoneSimulator.ActiveCfg = Release|Any CPU
		{4367A9C3-24D9-4862-AFFD-8BDB87D07702}.Release|iPhoneSimulator.Build.0 = Release|Any CPU
		{4367A9C3-24D9-4862-AFFD-8BDB87D07702}.Release|x64.ActiveCfg = Release|Any CPU
		{4367A9C3-24D9-4862-AFFD-8BDB87D07702}.Release|x64.Build.0 = Release|Any CPU
		{4367A9C3-24D9-4862-AFFD-8BDB87D07702}.Release|x86.ActiveCfg = Release|Any CPU
		{4367A9C3-24D9-4862-AFFD-8BDB87D07702}.Release|x86.Build.0 = Release|Any CPU
		{19185A86-702F-4E3B-BCCF-839F914BFA17}.Debug|Any CPU.ActiveCfg = Debug|Any CPU
		{19185A86-702F-4E3B-BCCF-839F914BFA17}.Debug|Any CPU.Build.0 = Debug|Any CPU
		{19185A86-702F-4E3B-BCCF-839F914BFA17}.Debug|ARM.ActiveCfg = Debug|Any CPU
		{19185A86-702F-4E3B-BCCF-839F914BFA17}.Debug|ARM.Build.0 = Debug|Any CPU
		{19185A86-702F-4E3B-BCCF-839F914BFA17}.Debug|iPhone.ActiveCfg = Debug|Any CPU
		{19185A86-702F-4E3B-BCCF-839F914BFA17}.Debug|iPhone.Build.0 = Debug|Any CPU
		{19185A86-702F-4E3B-BCCF-839F914BFA17}.Debug|iPhoneSimulator.ActiveCfg = Debug|Any CPU
		{19185A86-702F-4E3B-BCCF-839F914BFA17}.Debug|iPhoneSimulator.Build.0 = Debug|Any CPU
		{19185A86-702F-4E3B-BCCF-839F914BFA17}.Debug|x64.ActiveCfg = Debug|Any CPU
		{19185A86-702F-4E3B-BCCF-839F914BFA17}.Debug|x64.Build.0 = Debug|Any CPU
		{19185A86-702F-4E3B-BCCF-839F914BFA17}.Debug|x86.ActiveCfg = Debug|Any CPU
		{19185A86-702F-4E3B-BCCF-839F914BFA17}.Debug|x86.Build.0 = Debug|Any CPU
		{19185A86-702F-4E3B-BCCF-839F914BFA17}.Release|Any CPU.ActiveCfg = Release|Any CPU
		{19185A86-702F-4E3B-BCCF-839F914BFA17}.Release|Any CPU.Build.0 = Release|Any CPU
		{19185A86-702F-4E3B-BCCF-839F914BFA17}.Release|ARM.ActiveCfg = Release|Any CPU
		{19185A86-702F-4E3B-BCCF-839F914BFA17}.Release|ARM.Build.0 = Release|Any CPU
		{19185A86-702F-4E3B-BCCF-839F914BFA17}.Release|iPhone.ActiveCfg = Release|Any CPU
		{19185A86-702F-4E3B-BCCF-839F914BFA17}.Release|iPhone.Build.0 = Release|Any CPU
		{19185A86-702F-4E3B-BCCF-839F914BFA17}.Release|iPhoneSimulator.ActiveCfg = Release|Any CPU
		{19185A86-702F-4E3B-BCCF-839F914BFA17}.Release|iPhoneSimulator.Build.0 = Release|Any CPU
		{19185A86-702F-4E3B-BCCF-839F914BFA17}.Release|x64.ActiveCfg = Release|Any CPU
		{19185A86-702F-4E3B-BCCF-839F914BFA17}.Release|x64.Build.0 = Release|Any CPU
		{19185A86-702F-4E3B-BCCF-839F914BFA17}.Release|x86.ActiveCfg = Release|Any CPU
		{19185A86-702F-4E3B-BCCF-839F914BFA17}.Release|x86.Build.0 = Release|Any CPU
		{6C188AD1-FF5D-48A0-81A6-7738BBCA0032}.Debug|Any CPU.ActiveCfg = Debug|Any CPU
		{6C188AD1-FF5D-48A0-81A6-7738BBCA0032}.Debug|Any CPU.Build.0 = Debug|Any CPU
		{6C188AD1-FF5D-48A0-81A6-7738BBCA0032}.Debug|ARM.ActiveCfg = Debug|Any CPU
		{6C188AD1-FF5D-48A0-81A6-7738BBCA0032}.Debug|ARM.Build.0 = Debug|Any CPU
		{6C188AD1-FF5D-48A0-81A6-7738BBCA0032}.Debug|iPhone.ActiveCfg = Debug|Any CPU
		{6C188AD1-FF5D-48A0-81A6-7738BBCA0032}.Debug|iPhone.Build.0 = Debug|Any CPU
		{6C188AD1-FF5D-48A0-81A6-7738BBCA0032}.Debug|iPhoneSimulator.ActiveCfg = Debug|Any CPU
		{6C188AD1-FF5D-48A0-81A6-7738BBCA0032}.Debug|iPhoneSimulator.Build.0 = Debug|Any CPU
		{6C188AD1-FF5D-48A0-81A6-7738BBCA0032}.Debug|x64.ActiveCfg = Debug|Any CPU
		{6C188AD1-FF5D-48A0-81A6-7738BBCA0032}.Debug|x64.Build.0 = Debug|Any CPU
		{6C188AD1-FF5D-48A0-81A6-7738BBCA0032}.Debug|x86.ActiveCfg = Debug|Any CPU
		{6C188AD1-FF5D-48A0-81A6-7738BBCA0032}.Debug|x86.Build.0 = Debug|Any CPU
		{6C188AD1-FF5D-48A0-81A6-7738BBCA0032}.Release|Any CPU.ActiveCfg = Release|Any CPU
		{6C188AD1-FF5D-48A0-81A6-7738BBCA0032}.Release|Any CPU.Build.0 = Release|Any CPU
		{6C188AD1-FF5D-48A0-81A6-7738BBCA0032}.Release|ARM.ActiveCfg = Release|Any CPU
		{6C188AD1-FF5D-48A0-81A6-7738BBCA0032}.Release|ARM.Build.0 = Release|Any CPU
		{6C188AD1-FF5D-48A0-81A6-7738BBCA0032}.Release|iPhone.ActiveCfg = Release|Any CPU
		{6C188AD1-FF5D-48A0-81A6-7738BBCA0032}.Release|iPhone.Build.0 = Release|Any CPU
		{6C188AD1-FF5D-48A0-81A6-7738BBCA0032}.Release|iPhoneSimulator.ActiveCfg = Release|Any CPU
		{6C188AD1-FF5D-48A0-81A6-7738BBCA0032}.Release|iPhoneSimulator.Build.0 = Release|Any CPU
		{6C188AD1-FF5D-48A0-81A6-7738BBCA0032}.Release|x64.ActiveCfg = Release|Any CPU
		{6C188AD1-FF5D-48A0-81A6-7738BBCA0032}.Release|x64.Build.0 = Release|Any CPU
		{6C188AD1-FF5D-48A0-81A6-7738BBCA0032}.Release|x86.ActiveCfg = Release|Any CPU
		{6C188AD1-FF5D-48A0-81A6-7738BBCA0032}.Release|x86.Build.0 = Release|Any CPU
		{DD9170A2-0776-404A-82CB-EE0E280D3D03}.Debug|Any CPU.ActiveCfg = Debug|Any CPU
		{DD9170A2-0776-404A-82CB-EE0E280D3D03}.Debug|Any CPU.Build.0 = Debug|Any CPU
		{DD9170A2-0776-404A-82CB-EE0E280D3D03}.Debug|ARM.ActiveCfg = Debug|Any CPU
		{DD9170A2-0776-404A-82CB-EE0E280D3D03}.Debug|ARM.Build.0 = Debug|Any CPU
		{DD9170A2-0776-404A-82CB-EE0E280D3D03}.Debug|iPhone.ActiveCfg = Debug|Any CPU
		{DD9170A2-0776-404A-82CB-EE0E280D3D03}.Debug|iPhone.Build.0 = Debug|Any CPU
		{DD9170A2-0776-404A-82CB-EE0E280D3D03}.Debug|iPhoneSimulator.ActiveCfg = Debug|Any CPU
		{DD9170A2-0776-404A-82CB-EE0E280D3D03}.Debug|iPhoneSimulator.Build.0 = Debug|Any CPU
		{DD9170A2-0776-404A-82CB-EE0E280D3D03}.Debug|x64.ActiveCfg = Debug|Any CPU
		{DD9170A2-0776-404A-82CB-EE0E280D3D03}.Debug|x64.Build.0 = Debug|Any CPU
		{DD9170A2-0776-404A-82CB-EE0E280D3D03}.Debug|x86.ActiveCfg = Debug|Any CPU
		{DD9170A2-0776-404A-82CB-EE0E280D3D03}.Debug|x86.Build.0 = Debug|Any CPU
		{DD9170A2-0776-404A-82CB-EE0E280D3D03}.Release|Any CPU.ActiveCfg = Release|Any CPU
		{DD9170A2-0776-404A-82CB-EE0E280D3D03}.Release|Any CPU.Build.0 = Release|Any CPU
		{DD9170A2-0776-404A-82CB-EE0E280D3D03}.Release|ARM.ActiveCfg = Release|Any CPU
		{DD9170A2-0776-404A-82CB-EE0E280D3D03}.Release|ARM.Build.0 = Release|Any CPU
		{DD9170A2-0776-404A-82CB-EE0E280D3D03}.Release|iPhone.ActiveCfg = Release|Any CPU
		{DD9170A2-0776-404A-82CB-EE0E280D3D03}.Release|iPhone.Build.0 = Release|Any CPU
		{DD9170A2-0776-404A-82CB-EE0E280D3D03}.Release|iPhoneSimulator.ActiveCfg = Release|Any CPU
		{DD9170A2-0776-404A-82CB-EE0E280D3D03}.Release|iPhoneSimulator.Build.0 = Release|Any CPU
		{DD9170A2-0776-404A-82CB-EE0E280D3D03}.Release|x64.ActiveCfg = Release|Any CPU
		{DD9170A2-0776-404A-82CB-EE0E280D3D03}.Release|x64.Build.0 = Release|Any CPU
		{DD9170A2-0776-404A-82CB-EE0E280D3D03}.Release|x86.ActiveCfg = Release|Any CPU
		{DD9170A2-0776-404A-82CB-EE0E280D3D03}.Release|x86.Build.0 = Release|Any CPU
		{AA117B19-C9BC-487E-AD65-90796BA37C6A}.Debug|Any CPU.ActiveCfg = Debug|Any CPU
		{AA117B19-C9BC-487E-AD65-90796BA37C6A}.Debug|Any CPU.Build.0 = Debug|Any CPU
		{AA117B19-C9BC-487E-AD65-90796BA37C6A}.Debug|ARM.ActiveCfg = Debug|Any CPU
		{AA117B19-C9BC-487E-AD65-90796BA37C6A}.Debug|ARM.Build.0 = Debug|Any CPU
		{AA117B19-C9BC-487E-AD65-90796BA37C6A}.Debug|iPhone.ActiveCfg = Debug|Any CPU
		{AA117B19-C9BC-487E-AD65-90796BA37C6A}.Debug|iPhone.Build.0 = Debug|Any CPU
		{AA117B19-C9BC-487E-AD65-90796BA37C6A}.Debug|iPhoneSimulator.ActiveCfg = Debug|Any CPU
		{AA117B19-C9BC-487E-AD65-90796BA37C6A}.Debug|iPhoneSimulator.Build.0 = Debug|Any CPU
		{AA117B19-C9BC-487E-AD65-90796BA37C6A}.Debug|x64.ActiveCfg = Debug|Any CPU
		{AA117B19-C9BC-487E-AD65-90796BA37C6A}.Debug|x64.Build.0 = Debug|Any CPU
		{AA117B19-C9BC-487E-AD65-90796BA37C6A}.Debug|x86.ActiveCfg = Debug|Any CPU
		{AA117B19-C9BC-487E-AD65-90796BA37C6A}.Debug|x86.Build.0 = Debug|Any CPU
		{AA117B19-C9BC-487E-AD65-90796BA37C6A}.Release|Any CPU.ActiveCfg = Release|Any CPU
		{AA117B19-C9BC-487E-AD65-90796BA37C6A}.Release|Any CPU.Build.0 = Release|Any CPU
		{AA117B19-C9BC-487E-AD65-90796BA37C6A}.Release|ARM.ActiveCfg = Release|Any CPU
		{AA117B19-C9BC-487E-AD65-90796BA37C6A}.Release|ARM.Build.0 = Release|Any CPU
		{AA117B19-C9BC-487E-AD65-90796BA37C6A}.Release|iPhone.ActiveCfg = Release|Any CPU
		{AA117B19-C9BC-487E-AD65-90796BA37C6A}.Release|iPhone.Build.0 = Release|Any CPU
		{AA117B19-C9BC-487E-AD65-90796BA37C6A}.Release|iPhoneSimulator.ActiveCfg = Release|Any CPU
		{AA117B19-C9BC-487E-AD65-90796BA37C6A}.Release|iPhoneSimulator.Build.0 = Release|Any CPU
		{AA117B19-C9BC-487E-AD65-90796BA37C6A}.Release|x64.ActiveCfg = Release|Any CPU
		{AA117B19-C9BC-487E-AD65-90796BA37C6A}.Release|x64.Build.0 = Release|Any CPU
		{AA117B19-C9BC-487E-AD65-90796BA37C6A}.Release|x86.ActiveCfg = Release|Any CPU
		{AA117B19-C9BC-487E-AD65-90796BA37C6A}.Release|x86.Build.0 = Release|Any CPU
		{4D571F26-BE38-4F6F-99A3-65AB7F8BAEAF}.Debug|Any CPU.ActiveCfg = Debug|iPhone
		{4D571F26-BE38-4F6F-99A3-65AB7F8BAEAF}.Debug|ARM.ActiveCfg = Debug|iPhone
		{4D571F26-BE38-4F6F-99A3-65AB7F8BAEAF}.Debug|iPhone.ActiveCfg = Debug|iPhone
		{4D571F26-BE38-4F6F-99A3-65AB7F8BAEAF}.Debug|iPhone.Build.0 = Debug|iPhone
		{4D571F26-BE38-4F6F-99A3-65AB7F8BAEAF}.Debug|iPhoneSimulator.ActiveCfg = Debug|iPhoneSimulator
		{4D571F26-BE38-4F6F-99A3-65AB7F8BAEAF}.Debug|iPhoneSimulator.Build.0 = Debug|iPhoneSimulator
		{4D571F26-BE38-4F6F-99A3-65AB7F8BAEAF}.Debug|x64.ActiveCfg = Debug|iPhone
		{4D571F26-BE38-4F6F-99A3-65AB7F8BAEAF}.Debug|x86.ActiveCfg = Debug|iPhone
		{4D571F26-BE38-4F6F-99A3-65AB7F8BAEAF}.Release|Any CPU.ActiveCfg = Release|iPhone
		{4D571F26-BE38-4F6F-99A3-65AB7F8BAEAF}.Release|ARM.ActiveCfg = Release|iPhone
		{4D571F26-BE38-4F6F-99A3-65AB7F8BAEAF}.Release|iPhone.ActiveCfg = Release|iPhone
		{4D571F26-BE38-4F6F-99A3-65AB7F8BAEAF}.Release|iPhone.Build.0 = Release|iPhone
		{4D571F26-BE38-4F6F-99A3-65AB7F8BAEAF}.Release|iPhoneSimulator.ActiveCfg = Release|iPhoneSimulator
		{4D571F26-BE38-4F6F-99A3-65AB7F8BAEAF}.Release|iPhoneSimulator.Build.0 = Release|iPhoneSimulator
		{4D571F26-BE38-4F6F-99A3-65AB7F8BAEAF}.Release|x64.ActiveCfg = Release|iPhone
		{4D571F26-BE38-4F6F-99A3-65AB7F8BAEAF}.Release|x86.ActiveCfg = Release|iPhone
		{BFDE7980-8A6D-437A-AA4B-534ED0636469}.Debug|Any CPU.ActiveCfg = Debug|Any CPU
		{BFDE7980-8A6D-437A-AA4B-534ED0636469}.Debug|Any CPU.Build.0 = Debug|Any CPU
		{BFDE7980-8A6D-437A-AA4B-534ED0636469}.Debug|ARM.ActiveCfg = Debug|Any CPU
		{BFDE7980-8A6D-437A-AA4B-534ED0636469}.Debug|ARM.Build.0 = Debug|Any CPU
		{BFDE7980-8A6D-437A-AA4B-534ED0636469}.Debug|iPhone.ActiveCfg = Debug|Any CPU
		{BFDE7980-8A6D-437A-AA4B-534ED0636469}.Debug|iPhone.Build.0 = Debug|Any CPU
		{BFDE7980-8A6D-437A-AA4B-534ED0636469}.Debug|iPhoneSimulator.ActiveCfg = Debug|Any CPU
		{BFDE7980-8A6D-437A-AA4B-534ED0636469}.Debug|iPhoneSimulator.Build.0 = Debug|Any CPU
		{BFDE7980-8A6D-437A-AA4B-534ED0636469}.Debug|x64.ActiveCfg = Debug|Any CPU
		{BFDE7980-8A6D-437A-AA4B-534ED0636469}.Debug|x64.Build.0 = Debug|Any CPU
		{BFDE7980-8A6D-437A-AA4B-534ED0636469}.Debug|x86.ActiveCfg = Debug|Any CPU
		{BFDE7980-8A6D-437A-AA4B-534ED0636469}.Debug|x86.Build.0 = Debug|Any CPU
		{BFDE7980-8A6D-437A-AA4B-534ED0636469}.Release|Any CPU.ActiveCfg = Release|Any CPU
		{BFDE7980-8A6D-437A-AA4B-534ED0636469}.Release|Any CPU.Build.0 = Release|Any CPU
		{BFDE7980-8A6D-437A-AA4B-534ED0636469}.Release|ARM.ActiveCfg = Release|Any CPU
		{BFDE7980-8A6D-437A-AA4B-534ED0636469}.Release|ARM.Build.0 = Release|Any CPU
		{BFDE7980-8A6D-437A-AA4B-534ED0636469}.Release|iPhone.ActiveCfg = Release|Any CPU
		{BFDE7980-8A6D-437A-AA4B-534ED0636469}.Release|iPhone.Build.0 = Release|Any CPU
		{BFDE7980-8A6D-437A-AA4B-534ED0636469}.Release|iPhoneSimulator.ActiveCfg = Release|Any CPU
		{BFDE7980-8A6D-437A-AA4B-534ED0636469}.Release|iPhoneSimulator.Build.0 = Release|Any CPU
		{BFDE7980-8A6D-437A-AA4B-534ED0636469}.Release|x64.ActiveCfg = Release|Any CPU
		{BFDE7980-8A6D-437A-AA4B-534ED0636469}.Release|x64.Build.0 = Release|Any CPU
		{BFDE7980-8A6D-437A-AA4B-534ED0636469}.Release|x86.ActiveCfg = Release|Any CPU
		{BFDE7980-8A6D-437A-AA4B-534ED0636469}.Release|x86.Build.0 = Release|Any CPU
		{5AF2EFB9-343D-4A60-853C-DA213B7A61CE}.Debug|Any CPU.ActiveCfg = Debug|Any CPU
		{5AF2EFB9-343D-4A60-853C-DA213B7A61CE}.Debug|Any CPU.Build.0 = Debug|Any CPU
		{5AF2EFB9-343D-4A60-853C-DA213B7A61CE}.Debug|ARM.ActiveCfg = Debug|Any CPU
		{5AF2EFB9-343D-4A60-853C-DA213B7A61CE}.Debug|ARM.Build.0 = Debug|Any CPU
		{5AF2EFB9-343D-4A60-853C-DA213B7A61CE}.Debug|iPhone.ActiveCfg = Debug|Any CPU
		{5AF2EFB9-343D-4A60-853C-DA213B7A61CE}.Debug|iPhone.Build.0 = Debug|Any CPU
		{5AF2EFB9-343D-4A60-853C-DA213B7A61CE}.Debug|iPhoneSimulator.ActiveCfg = Debug|Any CPU
		{5AF2EFB9-343D-4A60-853C-DA213B7A61CE}.Debug|iPhoneSimulator.Build.0 = Debug|Any CPU
		{5AF2EFB9-343D-4A60-853C-DA213B7A61CE}.Debug|x64.ActiveCfg = Debug|Any CPU
		{5AF2EFB9-343D-4A60-853C-DA213B7A61CE}.Debug|x64.Build.0 = Debug|Any CPU
		{5AF2EFB9-343D-4A60-853C-DA213B7A61CE}.Debug|x86.ActiveCfg = Debug|Any CPU
		{5AF2EFB9-343D-4A60-853C-DA213B7A61CE}.Debug|x86.Build.0 = Debug|Any CPU
		{5AF2EFB9-343D-4A60-853C-DA213B7A61CE}.Release|Any CPU.ActiveCfg = Release|Any CPU
		{5AF2EFB9-343D-4A60-853C-DA213B7A61CE}.Release|Any CPU.Build.0 = Release|Any CPU
		{5AF2EFB9-343D-4A60-853C-DA213B7A61CE}.Release|ARM.ActiveCfg = Release|Any CPU
		{5AF2EFB9-343D-4A60-853C-DA213B7A61CE}.Release|ARM.Build.0 = Release|Any CPU
		{5AF2EFB9-343D-4A60-853C-DA213B7A61CE}.Release|iPhone.ActiveCfg = Release|Any CPU
		{5AF2EFB9-343D-4A60-853C-DA213B7A61CE}.Release|iPhone.Build.0 = Release|Any CPU
		{5AF2EFB9-343D-4A60-853C-DA213B7A61CE}.Release|iPhoneSimulator.ActiveCfg = Release|Any CPU
		{5AF2EFB9-343D-4A60-853C-DA213B7A61CE}.Release|iPhoneSimulator.Build.0 = Release|Any CPU
		{5AF2EFB9-343D-4A60-853C-DA213B7A61CE}.Release|x64.ActiveCfg = Release|Any CPU
		{5AF2EFB9-343D-4A60-853C-DA213B7A61CE}.Release|x64.Build.0 = Release|Any CPU
		{5AF2EFB9-343D-4A60-853C-DA213B7A61CE}.Release|x86.ActiveCfg = Release|Any CPU
		{5AF2EFB9-343D-4A60-853C-DA213B7A61CE}.Release|x86.Build.0 = Release|Any CPU
		{5DAC3F5C-66FA-4A5D-A9C3-3DD1E12519E6}.Debug|Any CPU.ActiveCfg = Debug|Any CPU
		{5DAC3F5C-66FA-4A5D-A9C3-3DD1E12519E6}.Debug|Any CPU.Build.0 = Debug|Any CPU
		{5DAC3F5C-66FA-4A5D-A9C3-3DD1E12519E6}.Debug|ARM.ActiveCfg = Debug|Any CPU
		{5DAC3F5C-66FA-4A5D-A9C3-3DD1E12519E6}.Debug|ARM.Build.0 = Debug|Any CPU
		{5DAC3F5C-66FA-4A5D-A9C3-3DD1E12519E6}.Debug|iPhone.ActiveCfg = Debug|Any CPU
		{5DAC3F5C-66FA-4A5D-A9C3-3DD1E12519E6}.Debug|iPhone.Build.0 = Debug|Any CPU
		{5DAC3F5C-66FA-4A5D-A9C3-3DD1E12519E6}.Debug|iPhoneSimulator.ActiveCfg = Debug|Any CPU
		{5DAC3F5C-66FA-4A5D-A9C3-3DD1E12519E6}.Debug|iPhoneSimulator.Build.0 = Debug|Any CPU
		{5DAC3F5C-66FA-4A5D-A9C3-3DD1E12519E6}.Debug|x64.ActiveCfg = Debug|Any CPU
		{5DAC3F5C-66FA-4A5D-A9C3-3DD1E12519E6}.Debug|x64.Build.0 = Debug|Any CPU
		{5DAC3F5C-66FA-4A5D-A9C3-3DD1E12519E6}.Debug|x86.ActiveCfg = Debug|Any CPU
		{5DAC3F5C-66FA-4A5D-A9C3-3DD1E12519E6}.Debug|x86.Build.0 = Debug|Any CPU
		{5DAC3F5C-66FA-4A5D-A9C3-3DD1E12519E6}.Release|Any CPU.ActiveCfg = Release|Any CPU
		{5DAC3F5C-66FA-4A5D-A9C3-3DD1E12519E6}.Release|Any CPU.Build.0 = Release|Any CPU
		{5DAC3F5C-66FA-4A5D-A9C3-3DD1E12519E6}.Release|ARM.ActiveCfg = Release|Any CPU
		{5DAC3F5C-66FA-4A5D-A9C3-3DD1E12519E6}.Release|ARM.Build.0 = Release|Any CPU
		{5DAC3F5C-66FA-4A5D-A9C3-3DD1E12519E6}.Release|iPhone.ActiveCfg = Release|Any CPU
		{5DAC3F5C-66FA-4A5D-A9C3-3DD1E12519E6}.Release|iPhone.Build.0 = Release|Any CPU
		{5DAC3F5C-66FA-4A5D-A9C3-3DD1E12519E6}.Release|iPhoneSimulator.ActiveCfg = Release|Any CPU
		{5DAC3F5C-66FA-4A5D-A9C3-3DD1E12519E6}.Release|iPhoneSimulator.Build.0 = Release|Any CPU
		{5DAC3F5C-66FA-4A5D-A9C3-3DD1E12519E6}.Release|x64.ActiveCfg = Release|Any CPU
		{5DAC3F5C-66FA-4A5D-A9C3-3DD1E12519E6}.Release|x64.Build.0 = Release|Any CPU
		{5DAC3F5C-66FA-4A5D-A9C3-3DD1E12519E6}.Release|x86.ActiveCfg = Release|Any CPU
		{5DAC3F5C-66FA-4A5D-A9C3-3DD1E12519E6}.Release|x86.Build.0 = Release|Any CPU
		{61BE99CE-ED87-4822-887F-72E8D7645911}.Debug|Any CPU.ActiveCfg = Debug|Any CPU
		{61BE99CE-ED87-4822-887F-72E8D7645911}.Debug|Any CPU.Build.0 = Debug|Any CPU
		{61BE99CE-ED87-4822-887F-72E8D7645911}.Debug|ARM.ActiveCfg = Debug|Any CPU
		{61BE99CE-ED87-4822-887F-72E8D7645911}.Debug|ARM.Build.0 = Debug|Any CPU
		{61BE99CE-ED87-4822-887F-72E8D7645911}.Debug|iPhone.ActiveCfg = Debug|Any CPU
		{61BE99CE-ED87-4822-887F-72E8D7645911}.Debug|iPhone.Build.0 = Debug|Any CPU
		{61BE99CE-ED87-4822-887F-72E8D7645911}.Debug|iPhoneSimulator.ActiveCfg = Debug|Any CPU
		{61BE99CE-ED87-4822-887F-72E8D7645911}.Debug|iPhoneSimulator.Build.0 = Debug|Any CPU
		{61BE99CE-ED87-4822-887F-72E8D7645911}.Debug|x64.ActiveCfg = Debug|Any CPU
		{61BE99CE-ED87-4822-887F-72E8D7645911}.Debug|x64.Build.0 = Debug|Any CPU
		{61BE99CE-ED87-4822-887F-72E8D7645911}.Debug|x86.ActiveCfg = Debug|Any CPU
		{61BE99CE-ED87-4822-887F-72E8D7645911}.Debug|x86.Build.0 = Debug|Any CPU
		{61BE99CE-ED87-4822-887F-72E8D7645911}.Release|Any CPU.ActiveCfg = Release|Any CPU
		{61BE99CE-ED87-4822-887F-72E8D7645911}.Release|Any CPU.Build.0 = Release|Any CPU
		{61BE99CE-ED87-4822-887F-72E8D7645911}.Release|ARM.ActiveCfg = Release|Any CPU
		{61BE99CE-ED87-4822-887F-72E8D7645911}.Release|ARM.Build.0 = Release|Any CPU
		{61BE99CE-ED87-4822-887F-72E8D7645911}.Release|iPhone.ActiveCfg = Release|Any CPU
		{61BE99CE-ED87-4822-887F-72E8D7645911}.Release|iPhone.Build.0 = Release|Any CPU
		{61BE99CE-ED87-4822-887F-72E8D7645911}.Release|iPhoneSimulator.ActiveCfg = Release|Any CPU
		{61BE99CE-ED87-4822-887F-72E8D7645911}.Release|iPhoneSimulator.Build.0 = Release|Any CPU
		{61BE99CE-ED87-4822-887F-72E8D7645911}.Release|x64.ActiveCfg = Release|Any CPU
		{61BE99CE-ED87-4822-887F-72E8D7645911}.Release|x64.Build.0 = Release|Any CPU
		{61BE99CE-ED87-4822-887F-72E8D7645911}.Release|x86.ActiveCfg = Release|Any CPU
		{61BE99CE-ED87-4822-887F-72E8D7645911}.Release|x86.Build.0 = Release|Any CPU
		{4A1E09F6-82B3-47F6-9A54-346686CE4B5A}.Debug|Any CPU.ActiveCfg = Debug|Any CPU
		{4A1E09F6-82B3-47F6-9A54-346686CE4B5A}.Debug|Any CPU.Build.0 = Debug|Any CPU
		{4A1E09F6-82B3-47F6-9A54-346686CE4B5A}.Debug|ARM.ActiveCfg = Debug|Any CPU
		{4A1E09F6-82B3-47F6-9A54-346686CE4B5A}.Debug|ARM.Build.0 = Debug|Any CPU
		{4A1E09F6-82B3-47F6-9A54-346686CE4B5A}.Debug|iPhone.ActiveCfg = Debug|Any CPU
		{4A1E09F6-82B3-47F6-9A54-346686CE4B5A}.Debug|iPhone.Build.0 = Debug|Any CPU
		{4A1E09F6-82B3-47F6-9A54-346686CE4B5A}.Debug|iPhoneSimulator.ActiveCfg = Debug|Any CPU
		{4A1E09F6-82B3-47F6-9A54-346686CE4B5A}.Debug|iPhoneSimulator.Build.0 = Debug|Any CPU
		{4A1E09F6-82B3-47F6-9A54-346686CE4B5A}.Debug|x64.ActiveCfg = Debug|Any CPU
		{4A1E09F6-82B3-47F6-9A54-346686CE4B5A}.Debug|x64.Build.0 = Debug|Any CPU
		{4A1E09F6-82B3-47F6-9A54-346686CE4B5A}.Debug|x86.ActiveCfg = Debug|Any CPU
		{4A1E09F6-82B3-47F6-9A54-346686CE4B5A}.Debug|x86.Build.0 = Debug|Any CPU
		{4A1E09F6-82B3-47F6-9A54-346686CE4B5A}.Release|Any CPU.ActiveCfg = Release|Any CPU
		{4A1E09F6-82B3-47F6-9A54-346686CE4B5A}.Release|Any CPU.Build.0 = Release|Any CPU
		{4A1E09F6-82B3-47F6-9A54-346686CE4B5A}.Release|ARM.ActiveCfg = Release|Any CPU
		{4A1E09F6-82B3-47F6-9A54-346686CE4B5A}.Release|ARM.Build.0 = Release|Any CPU
		{4A1E09F6-82B3-47F6-9A54-346686CE4B5A}.Release|iPhone.ActiveCfg = Release|Any CPU
		{4A1E09F6-82B3-47F6-9A54-346686CE4B5A}.Release|iPhone.Build.0 = Release|Any CPU
		{4A1E09F6-82B3-47F6-9A54-346686CE4B5A}.Release|iPhoneSimulator.ActiveCfg = Release|Any CPU
		{4A1E09F6-82B3-47F6-9A54-346686CE4B5A}.Release|iPhoneSimulator.Build.0 = Release|Any CPU
		{4A1E09F6-82B3-47F6-9A54-346686CE4B5A}.Release|x64.ActiveCfg = Release|Any CPU
		{4A1E09F6-82B3-47F6-9A54-346686CE4B5A}.Release|x64.Build.0 = Release|Any CPU
		{4A1E09F6-82B3-47F6-9A54-346686CE4B5A}.Release|x86.ActiveCfg = Release|Any CPU
		{4A1E09F6-82B3-47F6-9A54-346686CE4B5A}.Release|x86.Build.0 = Release|Any CPU
		{74CE5184-95EC-42E0-BA97-6B61EA07EAA6}.Debug|Any CPU.ActiveCfg = Debug|Any CPU
		{74CE5184-95EC-42E0-BA97-6B61EA07EAA6}.Debug|Any CPU.Build.0 = Debug|Any CPU
		{74CE5184-95EC-42E0-BA97-6B61EA07EAA6}.Debug|ARM.ActiveCfg = Debug|Any CPU
		{74CE5184-95EC-42E0-BA97-6B61EA07EAA6}.Debug|ARM.Build.0 = Debug|Any CPU
		{74CE5184-95EC-42E0-BA97-6B61EA07EAA6}.Debug|iPhone.ActiveCfg = Debug|Any CPU
		{74CE5184-95EC-42E0-BA97-6B61EA07EAA6}.Debug|iPhone.Build.0 = Debug|Any CPU
		{74CE5184-95EC-42E0-BA97-6B61EA07EAA6}.Debug|iPhoneSimulator.ActiveCfg = Debug|Any CPU
		{74CE5184-95EC-42E0-BA97-6B61EA07EAA6}.Debug|iPhoneSimulator.Build.0 = Debug|Any CPU
		{74CE5184-95EC-42E0-BA97-6B61EA07EAA6}.Debug|x64.ActiveCfg = Debug|Any CPU
		{74CE5184-95EC-42E0-BA97-6B61EA07EAA6}.Debug|x64.Build.0 = Debug|Any CPU
		{74CE5184-95EC-42E0-BA97-6B61EA07EAA6}.Debug|x86.ActiveCfg = Debug|Any CPU
		{74CE5184-95EC-42E0-BA97-6B61EA07EAA6}.Debug|x86.Build.0 = Debug|Any CPU
		{74CE5184-95EC-42E0-BA97-6B61EA07EAA6}.Release|Any CPU.ActiveCfg = Release|Any CPU
		{74CE5184-95EC-42E0-BA97-6B61EA07EAA6}.Release|Any CPU.Build.0 = Release|Any CPU
		{74CE5184-95EC-42E0-BA97-6B61EA07EAA6}.Release|ARM.ActiveCfg = Release|Any CPU
		{74CE5184-95EC-42E0-BA97-6B61EA07EAA6}.Release|ARM.Build.0 = Release|Any CPU
		{74CE5184-95EC-42E0-BA97-6B61EA07EAA6}.Release|iPhone.ActiveCfg = Release|Any CPU
		{74CE5184-95EC-42E0-BA97-6B61EA07EAA6}.Release|iPhone.Build.0 = Release|Any CPU
		{74CE5184-95EC-42E0-BA97-6B61EA07EAA6}.Release|iPhoneSimulator.ActiveCfg = Release|Any CPU
		{74CE5184-95EC-42E0-BA97-6B61EA07EAA6}.Release|iPhoneSimulator.Build.0 = Release|Any CPU
		{74CE5184-95EC-42E0-BA97-6B61EA07EAA6}.Release|x64.ActiveCfg = Release|Any CPU
		{74CE5184-95EC-42E0-BA97-6B61EA07EAA6}.Release|x64.Build.0 = Release|Any CPU
		{74CE5184-95EC-42E0-BA97-6B61EA07EAA6}.Release|x86.ActiveCfg = Release|Any CPU
		{74CE5184-95EC-42E0-BA97-6B61EA07EAA6}.Release|x86.Build.0 = Release|Any CPU
		{CCC1E8AC-4F8B-42D2-AC0B-06929A7ED238}.Debug|Any CPU.ActiveCfg = Debug|iPhoneSimulator
		{CCC1E8AC-4F8B-42D2-AC0B-06929A7ED238}.Debug|Any CPU.Build.0 = Debug|iPhoneSimulator
		{CCC1E8AC-4F8B-42D2-AC0B-06929A7ED238}.Debug|ARM.ActiveCfg = Debug|iPhoneSimulator
		{CCC1E8AC-4F8B-42D2-AC0B-06929A7ED238}.Debug|ARM.Build.0 = Debug|iPhoneSimulator
		{CCC1E8AC-4F8B-42D2-AC0B-06929A7ED238}.Debug|iPhone.ActiveCfg = Debug|iPhone
		{CCC1E8AC-4F8B-42D2-AC0B-06929A7ED238}.Debug|iPhone.Build.0 = Debug|iPhone
		{CCC1E8AC-4F8B-42D2-AC0B-06929A7ED238}.Debug|iPhoneSimulator.ActiveCfg = Debug|iPhoneSimulator
		{CCC1E8AC-4F8B-42D2-AC0B-06929A7ED238}.Debug|iPhoneSimulator.Build.0 = Debug|iPhoneSimulator
		{CCC1E8AC-4F8B-42D2-AC0B-06929A7ED238}.Debug|x64.ActiveCfg = Debug|iPhoneSimulator
		{CCC1E8AC-4F8B-42D2-AC0B-06929A7ED238}.Debug|x64.Build.0 = Debug|iPhoneSimulator
		{CCC1E8AC-4F8B-42D2-AC0B-06929A7ED238}.Debug|x86.ActiveCfg = Debug|iPhoneSimulator
		{CCC1E8AC-4F8B-42D2-AC0B-06929A7ED238}.Debug|x86.Build.0 = Debug|iPhoneSimulator
		{CCC1E8AC-4F8B-42D2-AC0B-06929A7ED238}.Release|Any CPU.ActiveCfg = Release|iPhone
		{CCC1E8AC-4F8B-42D2-AC0B-06929A7ED238}.Release|Any CPU.Build.0 = Release|iPhone
		{CCC1E8AC-4F8B-42D2-AC0B-06929A7ED238}.Release|ARM.ActiveCfg = Release|iPhone
		{CCC1E8AC-4F8B-42D2-AC0B-06929A7ED238}.Release|ARM.Build.0 = Release|iPhone
		{CCC1E8AC-4F8B-42D2-AC0B-06929A7ED238}.Release|iPhone.ActiveCfg = Release|iPhone
		{CCC1E8AC-4F8B-42D2-AC0B-06929A7ED238}.Release|iPhone.Build.0 = Release|iPhone
		{CCC1E8AC-4F8B-42D2-AC0B-06929A7ED238}.Release|iPhoneSimulator.ActiveCfg = Release|iPhoneSimulator
		{CCC1E8AC-4F8B-42D2-AC0B-06929A7ED238}.Release|iPhoneSimulator.Build.0 = Release|iPhoneSimulator
		{CCC1E8AC-4F8B-42D2-AC0B-06929A7ED238}.Release|x64.ActiveCfg = Release|iPhone
		{CCC1E8AC-4F8B-42D2-AC0B-06929A7ED238}.Release|x64.Build.0 = Release|iPhone
		{CCC1E8AC-4F8B-42D2-AC0B-06929A7ED238}.Release|x86.ActiveCfg = Release|iPhone
		{CCC1E8AC-4F8B-42D2-AC0B-06929A7ED238}.Release|x86.Build.0 = Release|iPhone
		{05832006-5396-4D72-B81D-DAB46337664A}.Debug|Any CPU.ActiveCfg = Debug|Any CPU
		{05832006-5396-4D72-B81D-DAB46337664A}.Debug|Any CPU.Build.0 = Debug|Any CPU
		{05832006-5396-4D72-B81D-DAB46337664A}.Debug|ARM.ActiveCfg = Debug|Any CPU
		{05832006-5396-4D72-B81D-DAB46337664A}.Debug|ARM.Build.0 = Debug|Any CPU
		{05832006-5396-4D72-B81D-DAB46337664A}.Debug|iPhone.ActiveCfg = Debug|Any CPU
		{05832006-5396-4D72-B81D-DAB46337664A}.Debug|iPhone.Build.0 = Debug|Any CPU
		{05832006-5396-4D72-B81D-DAB46337664A}.Debug|iPhoneSimulator.ActiveCfg = Debug|Any CPU
		{05832006-5396-4D72-B81D-DAB46337664A}.Debug|iPhoneSimulator.Build.0 = Debug|Any CPU
		{05832006-5396-4D72-B81D-DAB46337664A}.Debug|x64.ActiveCfg = Debug|Any CPU
		{05832006-5396-4D72-B81D-DAB46337664A}.Debug|x64.Build.0 = Debug|Any CPU
		{05832006-5396-4D72-B81D-DAB46337664A}.Debug|x86.ActiveCfg = Debug|Any CPU
		{05832006-5396-4D72-B81D-DAB46337664A}.Debug|x86.Build.0 = Debug|Any CPU
		{05832006-5396-4D72-B81D-DAB46337664A}.Release|Any CPU.ActiveCfg = Release|Any CPU
		{05832006-5396-4D72-B81D-DAB46337664A}.Release|Any CPU.Build.0 = Release|Any CPU
		{05832006-5396-4D72-B81D-DAB46337664A}.Release|ARM.ActiveCfg = Release|Any CPU
		{05832006-5396-4D72-B81D-DAB46337664A}.Release|ARM.Build.0 = Release|Any CPU
		{05832006-5396-4D72-B81D-DAB46337664A}.Release|iPhone.ActiveCfg = Release|Any CPU
		{05832006-5396-4D72-B81D-DAB46337664A}.Release|iPhone.Build.0 = Release|Any CPU
		{05832006-5396-4D72-B81D-DAB46337664A}.Release|iPhoneSimulator.ActiveCfg = Release|Any CPU
		{05832006-5396-4D72-B81D-DAB46337664A}.Release|iPhoneSimulator.Build.0 = Release|Any CPU
		{05832006-5396-4D72-B81D-DAB46337664A}.Release|x64.ActiveCfg = Release|Any CPU
		{05832006-5396-4D72-B81D-DAB46337664A}.Release|x64.Build.0 = Release|Any CPU
		{05832006-5396-4D72-B81D-DAB46337664A}.Release|x86.ActiveCfg = Release|Any CPU
		{05832006-5396-4D72-B81D-DAB46337664A}.Release|x86.Build.0 = Release|Any CPU
		{7A1DCB9A-BEC4-4D9A-8AD6-232226DA5D9A}.Debug|Any CPU.ActiveCfg = Debug|x86
		{7A1DCB9A-BEC4-4D9A-8AD6-232226DA5D9A}.Debug|Any CPU.Build.0 = Debug|x86
		{7A1DCB9A-BEC4-4D9A-8AD6-232226DA5D9A}.Debug|ARM.ActiveCfg = Debug|ARM
		{7A1DCB9A-BEC4-4D9A-8AD6-232226DA5D9A}.Debug|ARM.Build.0 = Debug|ARM
		{7A1DCB9A-BEC4-4D9A-8AD6-232226DA5D9A}.Debug|iPhone.ActiveCfg = Debug|x86
		{7A1DCB9A-BEC4-4D9A-8AD6-232226DA5D9A}.Debug|iPhone.Build.0 = Debug|x86
		{7A1DCB9A-BEC4-4D9A-8AD6-232226DA5D9A}.Debug|iPhoneSimulator.ActiveCfg = Debug|x86
		{7A1DCB9A-BEC4-4D9A-8AD6-232226DA5D9A}.Debug|iPhoneSimulator.Build.0 = Debug|x86
		{7A1DCB9A-BEC4-4D9A-8AD6-232226DA5D9A}.Debug|x64.ActiveCfg = Debug|x64
		{7A1DCB9A-BEC4-4D9A-8AD6-232226DA5D9A}.Debug|x64.Build.0 = Debug|x64
		{7A1DCB9A-BEC4-4D9A-8AD6-232226DA5D9A}.Debug|x86.ActiveCfg = Debug|x86
		{7A1DCB9A-BEC4-4D9A-8AD6-232226DA5D9A}.Debug|x86.Build.0 = Debug|x86
		{7A1DCB9A-BEC4-4D9A-8AD6-232226DA5D9A}.Release|Any CPU.ActiveCfg = Release|x86
		{7A1DCB9A-BEC4-4D9A-8AD6-232226DA5D9A}.Release|Any CPU.Build.0 = Release|x86
		{7A1DCB9A-BEC4-4D9A-8AD6-232226DA5D9A}.Release|ARM.ActiveCfg = Release|ARM
		{7A1DCB9A-BEC4-4D9A-8AD6-232226DA5D9A}.Release|ARM.Build.0 = Release|ARM
		{7A1DCB9A-BEC4-4D9A-8AD6-232226DA5D9A}.Release|iPhone.ActiveCfg = Release|x86
		{7A1DCB9A-BEC4-4D9A-8AD6-232226DA5D9A}.Release|iPhone.Build.0 = Release|x86
		{7A1DCB9A-BEC4-4D9A-8AD6-232226DA5D9A}.Release|iPhoneSimulator.ActiveCfg = Release|x86
		{7A1DCB9A-BEC4-4D9A-8AD6-232226DA5D9A}.Release|iPhoneSimulator.Build.0 = Release|x86
		{7A1DCB9A-BEC4-4D9A-8AD6-232226DA5D9A}.Release|x64.ActiveCfg = Release|x64
		{7A1DCB9A-BEC4-4D9A-8AD6-232226DA5D9A}.Release|x64.Build.0 = Release|x64
		{7A1DCB9A-BEC4-4D9A-8AD6-232226DA5D9A}.Release|x86.ActiveCfg = Release|x86
		{7A1DCB9A-BEC4-4D9A-8AD6-232226DA5D9A}.Release|x86.Build.0 = Release|x86
	EndGlobalSection
	GlobalSection(SolutionProperties) = preSolution
		HideSolutionNode = FALSE
	EndGlobalSection
	GlobalSection(NestedProjects) = preSolution
		{0F1EB413-7309-4F12-AA4D-895BD7E54C66} = {0F4CD670-7875-4DA6-BB6A-ABFDB26B1D29}
		{27D90D5D-BB02-47DF-BB6B-F82F7AAD3C00} = {22BAC6EC-DF6F-4136-9AB4-5D4CB2335F50}
		{FDC97D70-CE4D-440A-B6EF-10C41573B063} = {04E0D847-2DE8-4D0A-8233-39929A445E68}
		{85F1CCEC-1D27-47C3-B3D2-BCF909D50DD1} = {EBF7F279-88CC-436F-9203-EA76C449A2A5}
		{63316D65-6A85-4323-9FE3-1576305878A0} = {5C0448D4-A4C8-4A13-A39C-D78A3AB57E2F}
		{4FE36C80-6F69-4849-9E2F-95C9C4B14533} = {5C0448D4-A4C8-4A13-A39C-D78A3AB57E2F}
		{66451480-DAB2-463C-ACEB-C6ED46C33382} = {183DF1C7-649D-4875-A336-8F5D17B09E58}
		{CD843C15-CC82-4CF4-8650-49BCF8D45CCD} = {183DF1C7-649D-4875-A336-8F5D17B09E58}
		{B81416F3-ACD5-45C4-9F4E-72CB47ED0018} = {183DF1C7-649D-4875-A336-8F5D17B09E58}
		{D2629604-54AA-4566-B0C3-FA867D786B89} = {1062879B-E29E-482D-8317-7E5538F52645}
		{F6FA6E0D-D2F2-4DBF-86C8-57682DD6AAA5} = {DF2E42B5-5DA3-47FF-8D1F-3625B05B3204}
		{BD0E4471-BCF9-461B-89F2-6F3B36891AC6} = {D4186E5A-52F6-4183-BFFB-8A370C8E8923}
		{4367A9C3-24D9-4862-AFFD-8BDB87D07702} = {D4186E5A-52F6-4183-BFFB-8A370C8E8923}
		{19185A86-702F-4E3B-BCCF-839F914BFA17} = {0989AD47-5DE1-4DE7-91CF-DCEA10384805}
		{6C188AD1-FF5D-48A0-81A6-7738BBCA0032} = {E26431D4-194B-4BFB-8355-3F8FB3677DFC}
		{DD9170A2-0776-404A-82CB-EE0E280D3D03} = {E26431D4-194B-4BFB-8355-3F8FB3677DFC}
		{AA117B19-C9BC-487E-AD65-90796BA37C6A} = {028DA887-D810-45F3-B280-EA53822022CD}
		{4D571F26-BE38-4F6F-99A3-65AB7F8BAEAF} = {028DA887-D810-45F3-B280-EA53822022CD}
		{BFDE7980-8A6D-437A-AA4B-534ED0636469} = {98B6B426-A110-4327-B871-B45B7109B98A}
		{5AF2EFB9-343D-4A60-853C-DA213B7A61CE} = {98B6B426-A110-4327-B871-B45B7109B98A}
		{5DAC3F5C-66FA-4A5D-A9C3-3DD1E12519E6} = {98B6B426-A110-4327-B871-B45B7109B98A}
		{61BE99CE-ED87-4822-887F-72E8D7645911} = {0F4CD670-7875-4DA6-BB6A-ABFDB26B1D29}
		{4A1E09F6-82B3-47F6-9A54-346686CE4B5A} = {D538D941-E713-4C95-944F-032729C1BABA}
		{74CE5184-95EC-42E0-BA97-6B61EA07EAA6} = {D538D941-E713-4C95-944F-032729C1BABA}
		{CCC1E8AC-4F8B-42D2-AC0B-06929A7ED238} = {D538D941-E713-4C95-944F-032729C1BABA}
		{05832006-5396-4D72-B81D-DAB46337664A} = {D538D941-E713-4C95-944F-032729C1BABA}
		{7A1DCB9A-BEC4-4D9A-8AD6-232226DA5D9A} = {D538D941-E713-4C95-944F-032729C1BABA}
	EndGlobalSection
	GlobalSection(ExtensibilityGlobals) = postSolution
		SolutionGuid = {3F64F0A3-5CD0-44AB-A2E7-D2A2AD801C8A}
	EndGlobalSection
EndGlobal
